// !$*UTF8*$!
{
	archiveVersion = 1;
	classes = {
	};
	objectVersion = 46;
	objects = {

/* Begin PBXBuildFile section */
		C72E3D2124D105BC00D844CB /* yob1900.txt in Resources */ = {isa = PBXBuildFile; fileRef = C72E3C9624D105AD00D844CB /* yob1900.txt */; };
		C72E3D2224D105BC00D844CB /* yob1951.txt in Resources */ = {isa = PBXBuildFile; fileRef = C72E3C9724D105AD00D844CB /* yob1951.txt */; };
		C72E3D2324D105BC00D844CB /* yob2016.txt in Resources */ = {isa = PBXBuildFile; fileRef = C72E3C9824D105AD00D844CB /* yob2016.txt */; };
		C72E3D2424D105BC00D844CB /* yob1934.txt in Resources */ = {isa = PBXBuildFile; fileRef = C72E3C9924D105AE00D844CB /* yob1934.txt */; };
		C72E3D2524D105BC00D844CB /* yob1975.txt in Resources */ = {isa = PBXBuildFile; fileRef = C72E3C9A24D105AE00D844CB /* yob1975.txt */; };
		C72E3D2624D105BC00D844CB /* yob1931.txt in Resources */ = {isa = PBXBuildFile; fileRef = C72E3C9B24D105AE00D844CB /* yob1931.txt */; };
		C72E3D2724D105BC00D844CB /* yob1972.txt in Resources */ = {isa = PBXBuildFile; fileRef = C72E3C9C24D105AE00D844CB /* yob1972.txt */; };
		C72E3D2824D105BC00D844CB /* yob1895.txt in Resources */ = {isa = PBXBuildFile; fileRef = C72E3C9D24D105AE00D844CB /* yob1895.txt */; };
		C72E3D2924D105BC00D844CB /* yob1908.txt in Resources */ = {isa = PBXBuildFile; fileRef = C72E3C9E24D105AE00D844CB /* yob1908.txt */; };
		C72E3D2A24D105BC00D844CB /* yob1882.txt in Resources */ = {isa = PBXBuildFile; fileRef = C72E3C9F24D105AE00D844CB /* yob1882.txt */; };
		C72E3D2B24D105BC00D844CB /* yob1946.txt in Resources */ = {isa = PBXBuildFile; fileRef = C72E3CA024D105AE00D844CB /* yob1946.txt */; };
		C72E3D2C24D105BC00D844CB /* yob1904.txt in Resources */ = {isa = PBXBuildFile; fileRef = C72E3CA124D105AE00D844CB /* yob1904.txt */; };
		C72E3D2D24D105BC00D844CB /* yob1939.txt in Resources */ = {isa = PBXBuildFile; fileRef = C72E3CA224D105AE00D844CB /* yob1939.txt */; };
		C72E3D2E24D105BC00D844CB /* yob1986.txt in Resources */ = {isa = PBXBuildFile; fileRef = C72E3CA324D105AF00D844CB /* yob1986.txt */; };
		C72E3D2F24D105BC00D844CB /* yob1898.txt in Resources */ = {isa = PBXBuildFile; fileRef = C72E3CA424D105AF00D844CB /* yob1898.txt */; };
		C72E3D3024D105BC00D844CB /* yob1994.txt in Resources */ = {isa = PBXBuildFile; fileRef = C72E3CA524D105AF00D844CB /* yob1994.txt */; };
		C72E3D3124D105BC00D844CB /* yob1938.txt in Resources */ = {isa = PBXBuildFile; fileRef = C72E3CA624D105AF00D844CB /* yob1938.txt */; };
		C72E3D3224D105BC00D844CB /* yob1913.txt in Resources */ = {isa = PBXBuildFile; fileRef = C72E3CA724D105AF00D844CB /* yob1913.txt */; };
		C72E3D3324D105BC00D844CB /* yob1989.txt in Resources */ = {isa = PBXBuildFile; fileRef = C72E3CA824D105AF00D844CB /* yob1989.txt */; };
		C72E3D3424D105BC00D844CB /* yob1915.txt in Resources */ = {isa = PBXBuildFile; fileRef = C72E3CA924D105AF00D844CB /* yob1915.txt */; };
		C72E3D3524D105BC00D844CB /* yob1978.txt in Resources */ = {isa = PBXBuildFile; fileRef = C72E3CAA24D105AF00D844CB /* yob1978.txt */; };
		C72E3D3624D105BC00D844CB /* yob2002.txt in Resources */ = {isa = PBXBuildFile; fileRef = C72E3CAB24D105B000D844CB /* yob2002.txt */; };
		C72E3D3724D105BC00D844CB /* yob1963.txt in Resources */ = {isa = PBXBuildFile; fileRef = C72E3CAC24D105B000D844CB /* yob1963.txt */; };
		C72E3D3824D105BC00D844CB /* yob1884.txt in Resources */ = {isa = PBXBuildFile; fileRef = C72E3CAD24D105B000D844CB /* yob1884.txt */; };
		C72E3D3924D105BC00D844CB /* yob1958.txt in Resources */ = {isa = PBXBuildFile; fileRef = C72E3CAE24D105B000D844CB /* yob1958.txt */; };
		C72E3D3A24D105BC00D844CB /* yob1968.txt in Resources */ = {isa = PBXBuildFile; fileRef = C72E3CAF24D105B000D844CB /* yob1968.txt */; };
		C72E3D3B24D105BC00D844CB /* yob1902.txt in Resources */ = {isa = PBXBuildFile; fileRef = C72E3CB024D105B000D844CB /* yob1902.txt */; };
		C72E3D3C24D105BC00D844CB /* yob1949.txt in Resources */ = {isa = PBXBuildFile; fileRef = C72E3CB124D105B000D844CB /* yob1949.txt */; };
		C72E3D3D24D105BC00D844CB /* yob1969.txt in Resources */ = {isa = PBXBuildFile; fileRef = C72E3CB224D105B000D844CB /* yob1969.txt */; };
		C72E3D3E24D105BC00D844CB /* yob1896.txt in Resources */ = {isa = PBXBuildFile; fileRef = C72E3CB324D105B000D844CB /* yob1896.txt */; };
		C72E3D3F24D105BC00D844CB /* yob1964.txt in Resources */ = {isa = PBXBuildFile; fileRef = C72E3CB424D105B000D844CB /* yob1964.txt */; };
		C72E3D4024D105BC00D844CB /* yob1950.txt in Resources */ = {isa = PBXBuildFile; fileRef = C72E3CB524D105B000D844CB /* yob1950.txt */; };
		C72E3D4124D105BC00D844CB /* yob1926.txt in Resources */ = {isa = PBXBuildFile; fileRef = C72E3CB624D105B100D844CB /* yob1926.txt */; };
		C72E3D4224D105BC00D844CB /* yob1906.txt in Resources */ = {isa = PBXBuildFile; fileRef = C72E3CB724D105B100D844CB /* yob1906.txt */; };
		C72E3D4324D105BC00D844CB /* yob1886.txt in Resources */ = {isa = PBXBuildFile; fileRef = C72E3CB824D105B100D844CB /* yob1886.txt */; };
		C72E3D4424D105BC00D844CB /* yob1988.txt in Resources */ = {isa = PBXBuildFile; fileRef = C72E3CB924D105B100D844CB /* yob1988.txt */; };
		C72E3D4524D105BC00D844CB /* yob1960.txt in Resources */ = {isa = PBXBuildFile; fileRef = C72E3CBA24D105B100D844CB /* yob1960.txt */; };
		C72E3D4624D105BC00D844CB /* yob1880.txt in Resources */ = {isa = PBXBuildFile; fileRef = C72E3CBB24D105B100D844CB /* yob1880.txt */; };
		C72E3D4724D105BC00D844CB /* yob2009.txt in Resources */ = {isa = PBXBuildFile; fileRef = C72E3CBC24D105B100D844CB /* yob2009.txt */; };
		C72E3D4824D105BC00D844CB /* yob1971.txt in Resources */ = {isa = PBXBuildFile; fileRef = C72E3CBD24D105B200D844CB /* yob1971.txt */; };
		C72E3D4924D105BC00D844CB /* yob1923.txt in Resources */ = {isa = PBXBuildFile; fileRef = C72E3CBE24D105B200D844CB /* yob1923.txt */; };
		C72E3D4A24D105BC00D844CB /* yob1903.txt in Resources */ = {isa = PBXBuildFile; fileRef = C72E3CBF24D105B200D844CB /* yob1903.txt */; };
		C72E3D4B24D105BC00D844CB /* yob1973.txt in Resources */ = {isa = PBXBuildFile; fileRef = C72E3CC024D105B200D844CB /* yob1973.txt */; };
		C72E3D4C24D105BC00D844CB /* yob1910.txt in Resources */ = {isa = PBXBuildFile; fileRef = C72E3CC124D105B200D844CB /* yob1910.txt */; };
		C72E3D4D24D105BC00D844CB /* yob1983.txt in Resources */ = {isa = PBXBuildFile; fileRef = C72E3CC224D105B200D844CB /* yob1983.txt */; };
		C72E3D4E24D105BC00D844CB /* yob1925.txt in Resources */ = {isa = PBXBuildFile; fileRef = C72E3CC324D105B200D844CB /* yob1925.txt */; };
		C72E3D4F24D105BC00D844CB /* yob1919.txt in Resources */ = {isa = PBXBuildFile; fileRef = C72E3CC424D105B200D844CB /* yob1919.txt */; };
		C72E3D5024D105BC00D844CB /* yob1990.txt in Resources */ = {isa = PBXBuildFile; fileRef = C72E3CC524D105B300D844CB /* yob1990.txt */; };
		C72E3D5124D105BC00D844CB /* yob1887.txt in Resources */ = {isa = PBXBuildFile; fileRef = C72E3CC624D105B300D844CB /* yob1887.txt */; };
		C72E3D5224D105BC00D844CB /* yob1911.txt in Resources */ = {isa = PBXBuildFile; fileRef = C72E3CC724D105B300D844CB /* yob1911.txt */; };
		C72E3D5324D105BC00D844CB /* yob1961.txt in Resources */ = {isa = PBXBuildFile; fileRef = C72E3CC824D105B300D844CB /* yob1961.txt */; };
		C72E3D5424D105BC00D844CB /* yob1909.txt in Resources */ = {isa = PBXBuildFile; fileRef = C72E3CC924D105B300D844CB /* yob1909.txt */; };
		C72E3D5524D105BC00D844CB /* yob1995.txt in Resources */ = {isa = PBXBuildFile; fileRef = C72E3CCA24D105B300D844CB /* yob1995.txt */; };
		C72E3D5624D105BC00D844CB /* yob1999.txt in Resources */ = {isa = PBXBuildFile; fileRef = C72E3CCB24D105B300D844CB /* yob1999.txt */; };
		C72E3D5724D105BC00D844CB /* yob1924.txt in Resources */ = {isa = PBXBuildFile; fileRef = C72E3CCC24D105B300D844CB /* yob1924.txt */; };
		C72E3D5824D105BC00D844CB /* yob1955.txt in Resources */ = {isa = PBXBuildFile; fileRef = C72E3CCD24D105B300D844CB /* yob1955.txt */; };
		C72E3D5924D105BC00D844CB /* yob1976.txt in Resources */ = {isa = PBXBuildFile; fileRef = C72E3CCE24D105B400D844CB /* yob1976.txt */; };
		C72E3D5A24D105BC00D844CB /* yob1992.txt in Resources */ = {isa = PBXBuildFile; fileRef = C72E3CCF24D105B400D844CB /* yob1992.txt */; };
		C72E3D5B24D105BC00D844CB /* yob1899.txt in Resources */ = {isa = PBXBuildFile; fileRef = C72E3CD024D105B400D844CB /* yob1899.txt */; };
		C72E3D5C24D105BC00D844CB /* yob1928.txt in Resources */ = {isa = PBXBuildFile; fileRef = C72E3CD124D105B400D844CB /* yob1928.txt */; };
		C72E3D5D24D105BC00D844CB /* yob1974.txt in Resources */ = {isa = PBXBuildFile; fileRef = C72E3CD224D105B400D844CB /* yob1974.txt */; };
		C72E3D5E24D105BC00D844CB /* yob2000.txt in Resources */ = {isa = PBXBuildFile; fileRef = C72E3CD324D105B400D844CB /* yob2000.txt */; };
		C72E3D5F24D105BC00D844CB /* yob1956.txt in Resources */ = {isa = PBXBuildFile; fileRef = C72E3CD424D105B400D844CB /* yob1956.txt */; };
		C72E3D6024D105BC00D844CB /* yob1930.txt in Resources */ = {isa = PBXBuildFile; fileRef = C72E3CD524D105B400D844CB /* yob1930.txt */; };
		C72E3D6124D105BC00D844CB /* yob1933.txt in Resources */ = {isa = PBXBuildFile; fileRef = C72E3CD624D105B400D844CB /* yob1933.txt */; };
		C72E3D6224D105BC00D844CB /* yob1888.txt in Resources */ = {isa = PBXBuildFile; fileRef = C72E3CD724D105B400D844CB /* yob1888.txt */; };
		C72E3D6324D105BC00D844CB /* yob2008.txt in Resources */ = {isa = PBXBuildFile; fileRef = C72E3CD824D105B500D844CB /* yob2008.txt */; };
		C72E3D6424D105BC00D844CB /* yob2015.txt in Resources */ = {isa = PBXBuildFile; fileRef = C72E3CD924D105B500D844CB /* yob2015.txt */; };
		C72E3D6524D105BC00D844CB /* yob1965.txt in Resources */ = {isa = PBXBuildFile; fileRef = C72E3CDA24D105B500D844CB /* yob1965.txt */; };
		C72E3D6624D105BC00D844CB /* yob1897.txt in Resources */ = {isa = PBXBuildFile; fileRef = C72E3CDB24D105B500D844CB /* yob1897.txt */; };
		C72E3D6724D105BC00D844CB /* yob1970.txt in Resources */ = {isa = PBXBuildFile; fileRef = C72E3CDC24D105B500D844CB /* yob1970.txt */; };
		C72E3D6824D105BC00D844CB /* yob1927.txt in Resources */ = {isa = PBXBuildFile; fileRef = C72E3CDD24D105B500D844CB /* yob1927.txt */; };
		C72E3D6924D105BC00D844CB /* yob1935.txt in Resources */ = {isa = PBXBuildFile; fileRef = C72E3CDE24D105B500D844CB /* yob1935.txt */; };
		C72E3D6A24D105BC00D844CB /* yob1962.txt in Resources */ = {isa = PBXBuildFile; fileRef = C72E3CDF24D105B500D844CB /* yob1962.txt */; };
		C72E3D6B24D105BC00D844CB /* yob1921.txt in Resources */ = {isa = PBXBuildFile; fileRef = C72E3CE024D105B500D844CB /* yob1921.txt */; };
		C72E3D6C24D105BC00D844CB /* yob1981.txt in Resources */ = {isa = PBXBuildFile; fileRef = C72E3CE124D105B500D844CB /* yob1981.txt */; };
		C72E3D6D24D105BC00D844CB /* yob2004.txt in Resources */ = {isa = PBXBuildFile; fileRef = C72E3CE224D105B600D844CB /* yob2004.txt */; };
		C72E3D6E24D105BC00D844CB /* yob1959.txt in Resources */ = {isa = PBXBuildFile; fileRef = C72E3CE324D105B600D844CB /* yob1959.txt */; };
		C72E3D6F24D105BC00D844CB /* yob1945.txt in Resources */ = {isa = PBXBuildFile; fileRef = C72E3CE424D105B600D844CB /* yob1945.txt */; };
		C72E3D7024D105BC00D844CB /* yob1881.txt in Resources */ = {isa = PBXBuildFile; fileRef = C72E3CE524D105B600D844CB /* yob1881.txt */; };
		C72E3D7124D105BC00D844CB /* yob1916.txt in Resources */ = {isa = PBXBuildFile; fileRef = C72E3CE624D105B600D844CB /* yob1916.txt */; };
		C72E3D7224D105BC00D844CB /* yob1883.txt in Resources */ = {isa = PBXBuildFile; fileRef = C72E3CE724D105B600D844CB /* yob1883.txt */; };
		C72E3D7324D105BC00D844CB /* yob1944.txt in Resources */ = {isa = PBXBuildFile; fileRef = C72E3CE824D105B600D844CB /* yob1944.txt */; };
		C72E3D7424D105BC00D844CB /* yob1914.txt in Resources */ = {isa = PBXBuildFile; fileRef = C72E3CE924D105B600D844CB /* yob1914.txt */; };
		C72E3D7524D105BC00D844CB /* yob1985.txt in Resources */ = {isa = PBXBuildFile; fileRef = C72E3CEA24D105B600D844CB /* yob1985.txt */; };
		C72E3D7624D105BC00D844CB /* yob2003.txt in Resources */ = {isa = PBXBuildFile; fileRef = C72E3CEB24D105B600D844CB /* yob2003.txt */; };
		C72E3D7724D105BC00D844CB /* yob1905.txt in Resources */ = {isa = PBXBuildFile; fileRef = C72E3CEC24D105B600D844CB /* yob1905.txt */; };
		C72E3D7824D105BC00D844CB /* yob1979.txt in Resources */ = {isa = PBXBuildFile; fileRef = C72E3CED24D105B600D844CB /* yob1979.txt */; };
		C72E3D7924D105BC00D844CB /* yob2007.txt in Resources */ = {isa = PBXBuildFile; fileRef = C72E3CEE24D105B700D844CB /* yob2007.txt */; };
		C72E3D7A24D105BC00D844CB /* yob1929.txt in Resources */ = {isa = PBXBuildFile; fileRef = C72E3CEF24D105B700D844CB /* yob1929.txt */; };
		C72E3D7B24D105BC00D844CB /* yob2018.txt in Resources */ = {isa = PBXBuildFile; fileRef = C72E3CF024D105B700D844CB /* yob2018.txt */; };
		C72E3D7C24D105BC00D844CB /* yob2017.txt in Resources */ = {isa = PBXBuildFile; fileRef = C72E3CF124D105B700D844CB /* yob2017.txt */; };
		C72E3D7D24D105BC00D844CB /* yob1957.txt in Resources */ = {isa = PBXBuildFile; fileRef = C72E3CF224D105B700D844CB /* yob1957.txt */; };
		C72E3D7E24D105BC00D844CB /* yob1967.txt in Resources */ = {isa = PBXBuildFile; fileRef = C72E3CF324D105B700D844CB /* yob1967.txt */; };
		C72E3D7F24D105BC00D844CB /* yob1943.txt in Resources */ = {isa = PBXBuildFile; fileRef = C72E3CF424D105B700D844CB /* yob1943.txt */; };
		C72E3D8024D105BC00D844CB /* yob2011.txt in Resources */ = {isa = PBXBuildFile; fileRef = C72E3CF524D105B700D844CB /* yob2011.txt */; };
		C72E3D8124D105BC00D844CB /* yob1977.txt in Resources */ = {isa = PBXBuildFile; fileRef = C72E3CF624D105B700D844CB /* yob1977.txt */; };
		C72E3D8224D105BC00D844CB /* yob1922.txt in Resources */ = {isa = PBXBuildFile; fileRef = C72E3CF724D105B700D844CB /* yob1922.txt */; };
		C72E3D8324D105BC00D844CB /* yob1947.txt in Resources */ = {isa = PBXBuildFile; fileRef = C72E3CF824D105B800D844CB /* yob1947.txt */; };
		C72E3D8424D105BC00D844CB /* yob1954.txt in Resources */ = {isa = PBXBuildFile; fileRef = C72E3CF924D105B800D844CB /* yob1954.txt */; };
		C72E3D8524D105BC00D844CB /* yob2006.txt in Resources */ = {isa = PBXBuildFile; fileRef = C72E3CFA24D105B800D844CB /* yob2006.txt */; };
		C72E3D8624D105BC00D844CB /* yob2005.txt in Resources */ = {isa = PBXBuildFile; fileRef = C72E3CFB24D105B800D844CB /* yob2005.txt */; };
		C72E3D8724D105BC00D844CB /* yob1993.txt in Resources */ = {isa = PBXBuildFile; fileRef = C72E3CFC24D105B800D844CB /* yob1993.txt */; };
		C72E3D8824D105BC00D844CB /* yob1892.txt in Resources */ = {isa = PBXBuildFile; fileRef = C72E3CFD24D105B800D844CB /* yob1892.txt */; };
		C72E3D8924D105BC00D844CB /* yob2013.txt in Resources */ = {isa = PBXBuildFile; fileRef = C72E3CFE24D105B800D844CB /* yob2013.txt */; };
		C72E3D8A24D105BC00D844CB /* yob1890.txt in Resources */ = {isa = PBXBuildFile; fileRef = C72E3CFF24D105B800D844CB /* yob1890.txt */; };
		C72E3D8B24D105BC00D844CB /* yob1984.txt in Resources */ = {isa = PBXBuildFile; fileRef = C72E3D0024D105B800D844CB /* yob1984.txt */; };
		C72E3D8C24D105BC00D844CB /* yob1948.txt in Resources */ = {isa = PBXBuildFile; fileRef = C72E3D0124D105B800D844CB /* yob1948.txt */; };
		C72E3D8D24D105BC00D844CB /* yob1920.txt in Resources */ = {isa = PBXBuildFile; fileRef = C72E3D0224D105B800D844CB /* yob1920.txt */; };
		C72E3D8E24D105BC00D844CB /* yob2014.txt in Resources */ = {isa = PBXBuildFile; fileRef = C72E3D0324D105B900D844CB /* yob2014.txt */; };
		C72E3D8F24D105BC00D844CB /* yob2010.txt in Resources */ = {isa = PBXBuildFile; fileRef = C72E3D0424D105B900D844CB /* yob2010.txt */; };
		C72E3D9024D105BC00D844CB /* yob1937.txt in Resources */ = {isa = PBXBuildFile; fileRef = C72E3D0524D105B900D844CB /* yob1937.txt */; };
		C72E3D9124D105BC00D844CB /* yob1912.txt in Resources */ = {isa = PBXBuildFile; fileRef = C72E3D0624D105B900D844CB /* yob1912.txt */; };
		C72E3D9224D105BC00D844CB /* yob1940.txt in Resources */ = {isa = PBXBuildFile; fileRef = C72E3D0724D105B900D844CB /* yob1940.txt */; };
		C72E3D9324D105BC00D844CB /* yob1982.txt in Resources */ = {isa = PBXBuildFile; fileRef = C72E3D0824D105B900D844CB /* yob1982.txt */; };
		C72E3D9424D105BC00D844CB /* yob1932.txt in Resources */ = {isa = PBXBuildFile; fileRef = C72E3D0924D105B900D844CB /* yob1932.txt */; };
		C72E3D9524D105BC00D844CB /* yob1918.txt in Resources */ = {isa = PBXBuildFile; fileRef = C72E3D0A24D105B900D844CB /* yob1918.txt */; };
		C72E3D9624D105BC00D844CB /* yob1966.txt in Resources */ = {isa = PBXBuildFile; fileRef = C72E3D0B24D105BA00D844CB /* yob1966.txt */; };
		C72E3D9724D105BC00D844CB /* yob1980.txt in Resources */ = {isa = PBXBuildFile; fileRef = C72E3D0C24D105BA00D844CB /* yob1980.txt */; };
		C72E3D9824D105BC00D844CB /* yob1941.txt in Resources */ = {isa = PBXBuildFile; fileRef = C72E3D0D24D105BA00D844CB /* yob1941.txt */; };
		C72E3D9924D105BC00D844CB /* yob1885.txt in Resources */ = {isa = PBXBuildFile; fileRef = C72E3D0E24D105BA00D844CB /* yob1885.txt */; };
		C72E3D9A24D105BC00D844CB /* yob1942.txt in Resources */ = {isa = PBXBuildFile; fileRef = C72E3D0F24D105BA00D844CB /* yob1942.txt */; };
		C72E3D9B24D105BC00D844CB /* yob1889.txt in Resources */ = {isa = PBXBuildFile; fileRef = C72E3D1024D105BA00D844CB /* yob1889.txt */; };
		C72E3D9C24D105BC00D844CB /* yob1901.txt in Resources */ = {isa = PBXBuildFile; fileRef = C72E3D1124D105BA00D844CB /* yob1901.txt */; };
		C72E3D9D24D105BC00D844CB /* yob1987.txt in Resources */ = {isa = PBXBuildFile; fileRef = C72E3D1224D105BA00D844CB /* yob1987.txt */; };
		C72E3D9E24D105BC00D844CB /* yob1936.txt in Resources */ = {isa = PBXBuildFile; fileRef = C72E3D1324D105BA00D844CB /* yob1936.txt */; };
		C72E3D9F24D105BC00D844CB /* yob1894.txt in Resources */ = {isa = PBXBuildFile; fileRef = C72E3D1424D105BA00D844CB /* yob1894.txt */; };
		C72E3DA024D105BC00D844CB /* yob1917.txt in Resources */ = {isa = PBXBuildFile; fileRef = C72E3D1524D105BA00D844CB /* yob1917.txt */; };
		C72E3DA124D105BC00D844CB /* yob1952.txt in Resources */ = {isa = PBXBuildFile; fileRef = C72E3D1624D105BB00D844CB /* yob1952.txt */; };
		C72E3DA224D105BC00D844CB /* yob1907.txt in Resources */ = {isa = PBXBuildFile; fileRef = C72E3D1724D105BB00D844CB /* yob1907.txt */; };
		C72E3DA324D105BC00D844CB /* yob2012.txt in Resources */ = {isa = PBXBuildFile; fileRef = C72E3D1824D105BB00D844CB /* yob2012.txt */; };
		C72E3DA424D105BC00D844CB /* yob1998.txt in Resources */ = {isa = PBXBuildFile; fileRef = C72E3D1924D105BB00D844CB /* yob1998.txt */; };
		C72E3DA524D105BC00D844CB /* yob1997.txt in Resources */ = {isa = PBXBuildFile; fileRef = C72E3D1A24D105BB00D844CB /* yob1997.txt */; };
		C72E3DA624D105BC00D844CB /* yob1891.txt in Resources */ = {isa = PBXBuildFile; fileRef = C72E3D1B24D105BB00D844CB /* yob1891.txt */; };
		C72E3DA724D105BC00D844CB /* yob1893.txt in Resources */ = {isa = PBXBuildFile; fileRef = C72E3D1C24D105BB00D844CB /* yob1893.txt */; };
		C72E3DA824D105BC00D844CB /* yob2001.txt in Resources */ = {isa = PBXBuildFile; fileRef = C72E3D1D24D105BB00D844CB /* yob2001.txt */; };
		C72E3DA924D105BC00D844CB /* yob1991.txt in Resources */ = {isa = PBXBuildFile; fileRef = C72E3D1E24D105BB00D844CB /* yob1991.txt */; };
		C72E3DAA24D105BC00D844CB /* yob1996.txt in Resources */ = {isa = PBXBuildFile; fileRef = C72E3D1F24D105BB00D844CB /* yob1996.txt */; };
		C72E3DAB24D105BC00D844CB /* yob1953.txt in Resources */ = {isa = PBXBuildFile; fileRef = C72E3D2024D105BC00D844CB /* yob1953.txt */; };
		C730B6241F8885EA007A298E /* BoyScreen.swift in Sources */ = {isa = PBXBuildFile; fileRef = C730B6231F8885EA007A298E /* BoyScreen.swift */; };
		C730B6261F888672007A298E /* GirlScreen.swift in Sources */ = {isa = PBXBuildFile; fileRef = C730B6251F888672007A298E /* GirlScreen.swift */; };
		C756C4331F8430E100AE87A5 /* AppDelegate.swift in Sources */ = {isa = PBXBuildFile; fileRef = C756C4321F8430E100AE87A5 /* AppDelegate.swift */; };
		C756C4351F8430E100AE87A5 /* StartScreen.swift in Sources */ = {isa = PBXBuildFile; fileRef = C756C4341F8430E100AE87A5 /* StartScreen.swift */; };
		C756C43A1F8430E100AE87A5 /* Assets.xcassets in Resources */ = {isa = PBXBuildFile; fileRef = C756C4391F8430E100AE87A5 /* Assets.xcassets */; };
		C756C43D1F8430E100AE87A5 /* LaunchScreen.storyboard in Resources */ = {isa = PBXBuildFile; fileRef = C756C43B1F8430E100AE87A5 /* LaunchScreen.storyboard */; };
		C756C4481F8430E100AE87A5 /* babyNameGeneratorTests.swift in Sources */ = {isa = PBXBuildFile; fileRef = C756C4471F8430E100AE87A5 /* babyNameGeneratorTests.swift */; };
		C756C4531F8430E100AE87A5 /* babyNameGeneratorUITests.swift in Sources */ = {isa = PBXBuildFile; fileRef = C756C4521F8430E100AE87A5 /* babyNameGeneratorUITests.swift */; };
		C78A2A022478762E00B8E05E /* babyNameGenerator.xcdatamodeld in Sources */ = {isa = PBXBuildFile; fileRef = C78A2A002478762E00B8E05E /* babyNameGenerator.xcdatamodeld */; };
		C78A2A0624787C5600B8E05E /* FavoriteNames.swift in Sources */ = {isa = PBXBuildFile; fileRef = C78A2A0524787C5600B8E05E /* FavoriteNames.swift */; };
		C7DA6FD51FB15DC600DB3D6C /* Main.storyboard in Resources */ = {isa = PBXBuildFile; fileRef = C7DA6FD41FB15DC600DB3D6C /* Main.storyboard */; };
/* End PBXBuildFile section */

/* Begin PBXContainerItemProxy section */
		C756C4441F8430E100AE87A5 /* PBXContainerItemProxy */ = {
			isa = PBXContainerItemProxy;
			containerPortal = C756C4271F8430E000AE87A5 /* Project object */;
			proxyType = 1;
			remoteGlobalIDString = C756C42E1F8430E000AE87A5;
			remoteInfo = babyNameGenerator;
		};
		C756C44F1F8430E100AE87A5 /* PBXContainerItemProxy */ = {
			isa = PBXContainerItemProxy;
			containerPortal = C756C4271F8430E000AE87A5 /* Project object */;
			proxyType = 1;
			remoteGlobalIDString = C756C42E1F8430E000AE87A5;
			remoteInfo = babyNameGenerator;
		};
/* End PBXContainerItemProxy section */

/* Begin PBXCopyFilesBuildPhase section */
		C73565211FA8B2090080BD7D /* Embed Watch Content */ = {
			isa = PBXCopyFilesBuildPhase;
			buildActionMask = 2147483647;
			dstPath = "$(CONTENTS_FOLDER_PATH)/Watch";
			dstSubfolderSpec = 16;
			files = (
			);
			name = "Embed Watch Content";
			runOnlyForDeploymentPostprocessing = 0;
		};
/* End PBXCopyFilesBuildPhase section */

/* Begin PBXFileReference section */
		C721A6021FCCFD61000019BF /* babyNameGenerator.entitlements */ = {isa = PBXFileReference; lastKnownFileType = text.plist.entitlements; path = babyNameGenerator.entitlements; sourceTree = "<group>"; };
		C72E3C9624D105AD00D844CB /* yob1900.txt */ = {isa = PBXFileReference; fileEncoding = 4; lastKnownFileType = text; path = yob1900.txt; sourceTree = "<group>"; };
		C72E3C9724D105AD00D844CB /* yob1951.txt */ = {isa = PBXFileReference; fileEncoding = 4; lastKnownFileType = text; path = yob1951.txt; sourceTree = "<group>"; };
		C72E3C9824D105AD00D844CB /* yob2016.txt */ = {isa = PBXFileReference; fileEncoding = 4; lastKnownFileType = text; path = yob2016.txt; sourceTree = "<group>"; };
		C72E3C9924D105AE00D844CB /* yob1934.txt */ = {isa = PBXFileReference; fileEncoding = 4; lastKnownFileType = text; path = yob1934.txt; sourceTree = "<group>"; };
		C72E3C9A24D105AE00D844CB /* yob1975.txt */ = {isa = PBXFileReference; fileEncoding = 4; lastKnownFileType = text; path = yob1975.txt; sourceTree = "<group>"; };
		C72E3C9B24D105AE00D844CB /* yob1931.txt */ = {isa = PBXFileReference; fileEncoding = 4; lastKnownFileType = text; path = yob1931.txt; sourceTree = "<group>"; };
		C72E3C9C24D105AE00D844CB /* yob1972.txt */ = {isa = PBXFileReference; fileEncoding = 4; lastKnownFileType = text; path = yob1972.txt; sourceTree = "<group>"; };
		C72E3C9D24D105AE00D844CB /* yob1895.txt */ = {isa = PBXFileReference; fileEncoding = 4; lastKnownFileType = text; path = yob1895.txt; sourceTree = "<group>"; };
		C72E3C9E24D105AE00D844CB /* yob1908.txt */ = {isa = PBXFileReference; fileEncoding = 4; lastKnownFileType = text; path = yob1908.txt; sourceTree = "<group>"; };
		C72E3C9F24D105AE00D844CB /* yob1882.txt */ = {isa = PBXFileReference; fileEncoding = 4; lastKnownFileType = text; path = yob1882.txt; sourceTree = "<group>"; };
		C72E3CA024D105AE00D844CB /* yob1946.txt */ = {isa = PBXFileReference; fileEncoding = 4; lastKnownFileType = text; path = yob1946.txt; sourceTree = "<group>"; };
		C72E3CA124D105AE00D844CB /* yob1904.txt */ = {isa = PBXFileReference; fileEncoding = 4; lastKnownFileType = text; path = yob1904.txt; sourceTree = "<group>"; };
		C72E3CA224D105AE00D844CB /* yob1939.txt */ = {isa = PBXFileReference; fileEncoding = 4; lastKnownFileType = text; path = yob1939.txt; sourceTree = "<group>"; };
		C72E3CA324D105AF00D844CB /* yob1986.txt */ = {isa = PBXFileReference; fileEncoding = 4; lastKnownFileType = text; path = yob1986.txt; sourceTree = "<group>"; };
		C72E3CA424D105AF00D844CB /* yob1898.txt */ = {isa = PBXFileReference; fileEncoding = 4; lastKnownFileType = text; path = yob1898.txt; sourceTree = "<group>"; };
		C72E3CA524D105AF00D844CB /* yob1994.txt */ = {isa = PBXFileReference; fileEncoding = 4; lastKnownFileType = text; path = yob1994.txt; sourceTree = "<group>"; };
		C72E3CA624D105AF00D844CB /* yob1938.txt */ = {isa = PBXFileReference; fileEncoding = 4; lastKnownFileType = text; path = yob1938.txt; sourceTree = "<group>"; };
		C72E3CA724D105AF00D844CB /* yob1913.txt */ = {isa = PBXFileReference; fileEncoding = 4; lastKnownFileType = text; path = yob1913.txt; sourceTree = "<group>"; };
		C72E3CA824D105AF00D844CB /* yob1989.txt */ = {isa = PBXFileReference; fileEncoding = 4; lastKnownFileType = text; path = yob1989.txt; sourceTree = "<group>"; };
		C72E3CA924D105AF00D844CB /* yob1915.txt */ = {isa = PBXFileReference; fileEncoding = 4; lastKnownFileType = text; path = yob1915.txt; sourceTree = "<group>"; };
		C72E3CAA24D105AF00D844CB /* yob1978.txt */ = {isa = PBXFileReference; fileEncoding = 4; lastKnownFileType = text; path = yob1978.txt; sourceTree = "<group>"; };
		C72E3CAB24D105B000D844CB /* yob2002.txt */ = {isa = PBXFileReference; fileEncoding = 4; lastKnownFileType = text; path = yob2002.txt; sourceTree = "<group>"; };
		C72E3CAC24D105B000D844CB /* yob1963.txt */ = {isa = PBXFileReference; fileEncoding = 4; lastKnownFileType = text; path = yob1963.txt; sourceTree = "<group>"; };
		C72E3CAD24D105B000D844CB /* yob1884.txt */ = {isa = PBXFileReference; fileEncoding = 4; lastKnownFileType = text; path = yob1884.txt; sourceTree = "<group>"; };
		C72E3CAE24D105B000D844CB /* yob1958.txt */ = {isa = PBXFileReference; fileEncoding = 4; lastKnownFileType = text; path = yob1958.txt; sourceTree = "<group>"; };
		C72E3CAF24D105B000D844CB /* yob1968.txt */ = {isa = PBXFileReference; fileEncoding = 4; lastKnownFileType = text; path = yob1968.txt; sourceTree = "<group>"; };
		C72E3CB024D105B000D844CB /* yob1902.txt */ = {isa = PBXFileReference; fileEncoding = 4; lastKnownFileType = text; path = yob1902.txt; sourceTree = "<group>"; };
		C72E3CB124D105B000D844CB /* yob1949.txt */ = {isa = PBXFileReference; fileEncoding = 4; lastKnownFileType = text; path = yob1949.txt; sourceTree = "<group>"; };
		C72E3CB224D105B000D844CB /* yob1969.txt */ = {isa = PBXFileReference; fileEncoding = 4; lastKnownFileType = text; path = yob1969.txt; sourceTree = "<group>"; };
		C72E3CB324D105B000D844CB /* yob1896.txt */ = {isa = PBXFileReference; fileEncoding = 4; lastKnownFileType = text; path = yob1896.txt; sourceTree = "<group>"; };
		C72E3CB424D105B000D844CB /* yob1964.txt */ = {isa = PBXFileReference; fileEncoding = 4; lastKnownFileType = text; path = yob1964.txt; sourceTree = "<group>"; };
		C72E3CB524D105B000D844CB /* yob1950.txt */ = {isa = PBXFileReference; fileEncoding = 4; lastKnownFileType = text; path = yob1950.txt; sourceTree = "<group>"; };
		C72E3CB624D105B100D844CB /* yob1926.txt */ = {isa = PBXFileReference; fileEncoding = 4; lastKnownFileType = text; path = yob1926.txt; sourceTree = "<group>"; };
		C72E3CB724D105B100D844CB /* yob1906.txt */ = {isa = PBXFileReference; fileEncoding = 4; lastKnownFileType = text; path = yob1906.txt; sourceTree = "<group>"; };
		C72E3CB824D105B100D844CB /* yob1886.txt */ = {isa = PBXFileReference; fileEncoding = 4; lastKnownFileType = text; path = yob1886.txt; sourceTree = "<group>"; };
		C72E3CB924D105B100D844CB /* yob1988.txt */ = {isa = PBXFileReference; fileEncoding = 4; lastKnownFileType = text; path = yob1988.txt; sourceTree = "<group>"; };
		C72E3CBA24D105B100D844CB /* yob1960.txt */ = {isa = PBXFileReference; fileEncoding = 4; lastKnownFileType = text; path = yob1960.txt; sourceTree = "<group>"; };
		C72E3CBB24D105B100D844CB /* yob1880.txt */ = {isa = PBXFileReference; fileEncoding = 4; lastKnownFileType = text; path = yob1880.txt; sourceTree = "<group>"; };
		C72E3CBC24D105B100D844CB /* yob2009.txt */ = {isa = PBXFileReference; fileEncoding = 4; lastKnownFileType = text; path = yob2009.txt; sourceTree = "<group>"; };
		C72E3CBD24D105B200D844CB /* yob1971.txt */ = {isa = PBXFileReference; fileEncoding = 4; lastKnownFileType = text; path = yob1971.txt; sourceTree = "<group>"; };
		C72E3CBE24D105B200D844CB /* yob1923.txt */ = {isa = PBXFileReference; fileEncoding = 4; lastKnownFileType = text; path = yob1923.txt; sourceTree = "<group>"; };
		C72E3CBF24D105B200D844CB /* yob1903.txt */ = {isa = PBXFileReference; fileEncoding = 4; lastKnownFileType = text; path = yob1903.txt; sourceTree = "<group>"; };
		C72E3CC024D105B200D844CB /* yob1973.txt */ = {isa = PBXFileReference; fileEncoding = 4; lastKnownFileType = text; path = yob1973.txt; sourceTree = "<group>"; };
		C72E3CC124D105B200D844CB /* yob1910.txt */ = {isa = PBXFileReference; fileEncoding = 4; lastKnownFileType = text; path = yob1910.txt; sourceTree = "<group>"; };
		C72E3CC224D105B200D844CB /* yob1983.txt */ = {isa = PBXFileReference; fileEncoding = 4; lastKnownFileType = text; path = yob1983.txt; sourceTree = "<group>"; };
		C72E3CC324D105B200D844CB /* yob1925.txt */ = {isa = PBXFileReference; fileEncoding = 4; lastKnownFileType = text; path = yob1925.txt; sourceTree = "<group>"; };
		C72E3CC424D105B200D844CB /* yob1919.txt */ = {isa = PBXFileReference; fileEncoding = 4; lastKnownFileType = text; path = yob1919.txt; sourceTree = "<group>"; };
		C72E3CC524D105B300D844CB /* yob1990.txt */ = {isa = PBXFileReference; fileEncoding = 4; lastKnownFileType = text; path = yob1990.txt; sourceTree = "<group>"; };
		C72E3CC624D105B300D844CB /* yob1887.txt */ = {isa = PBXFileReference; fileEncoding = 4; lastKnownFileType = text; path = yob1887.txt; sourceTree = "<group>"; };
		C72E3CC724D105B300D844CB /* yob1911.txt */ = {isa = PBXFileReference; fileEncoding = 4; lastKnownFileType = text; path = yob1911.txt; sourceTree = "<group>"; };
		C72E3CC824D105B300D844CB /* yob1961.txt */ = {isa = PBXFileReference; fileEncoding = 4; lastKnownFileType = text; path = yob1961.txt; sourceTree = "<group>"; };
		C72E3CC924D105B300D844CB /* yob1909.txt */ = {isa = PBXFileReference; fileEncoding = 4; lastKnownFileType = text; path = yob1909.txt; sourceTree = "<group>"; };
		C72E3CCA24D105B300D844CB /* yob1995.txt */ = {isa = PBXFileReference; fileEncoding = 4; lastKnownFileType = text; path = yob1995.txt; sourceTree = "<group>"; };
		C72E3CCB24D105B300D844CB /* yob1999.txt */ = {isa = PBXFileReference; fileEncoding = 4; lastKnownFileType = text; path = yob1999.txt; sourceTree = "<group>"; };
		C72E3CCC24D105B300D844CB /* yob1924.txt */ = {isa = PBXFileReference; fileEncoding = 4; lastKnownFileType = text; path = yob1924.txt; sourceTree = "<group>"; };
		C72E3CCD24D105B300D844CB /* yob1955.txt */ = {isa = PBXFileReference; fileEncoding = 4; lastKnownFileType = text; path = yob1955.txt; sourceTree = "<group>"; };
		C72E3CCE24D105B400D844CB /* yob1976.txt */ = {isa = PBXFileReference; fileEncoding = 4; lastKnownFileType = text; path = yob1976.txt; sourceTree = "<group>"; };
		C72E3CCF24D105B400D844CB /* yob1992.txt */ = {isa = PBXFileReference; fileEncoding = 4; lastKnownFileType = text; path = yob1992.txt; sourceTree = "<group>"; };
		C72E3CD024D105B400D844CB /* yob1899.txt */ = {isa = PBXFileReference; fileEncoding = 4; lastKnownFileType = text; path = yob1899.txt; sourceTree = "<group>"; };
		C72E3CD124D105B400D844CB /* yob1928.txt */ = {isa = PBXFileReference; fileEncoding = 4; lastKnownFileType = text; path = yob1928.txt; sourceTree = "<group>"; };
		C72E3CD224D105B400D844CB /* yob1974.txt */ = {isa = PBXFileReference; fileEncoding = 4; lastKnownFileType = text; path = yob1974.txt; sourceTree = "<group>"; };
		C72E3CD324D105B400D844CB /* yob2000.txt */ = {isa = PBXFileReference; fileEncoding = 4; lastKnownFileType = text; path = yob2000.txt; sourceTree = "<group>"; };
		C72E3CD424D105B400D844CB /* yob1956.txt */ = {isa = PBXFileReference; fileEncoding = 4; lastKnownFileType = text; path = yob1956.txt; sourceTree = "<group>"; };
		C72E3CD524D105B400D844CB /* yob1930.txt */ = {isa = PBXFileReference; fileEncoding = 4; lastKnownFileType = text; path = yob1930.txt; sourceTree = "<group>"; };
		C72E3CD624D105B400D844CB /* yob1933.txt */ = {isa = PBXFileReference; fileEncoding = 4; lastKnownFileType = text; path = yob1933.txt; sourceTree = "<group>"; };
		C72E3CD724D105B400D844CB /* yob1888.txt */ = {isa = PBXFileReference; fileEncoding = 4; lastKnownFileType = text; path = yob1888.txt; sourceTree = "<group>"; };
		C72E3CD824D105B500D844CB /* yob2008.txt */ = {isa = PBXFileReference; fileEncoding = 4; lastKnownFileType = text; path = yob2008.txt; sourceTree = "<group>"; };
		C72E3CD924D105B500D844CB /* yob2015.txt */ = {isa = PBXFileReference; fileEncoding = 4; lastKnownFileType = text; path = yob2015.txt; sourceTree = "<group>"; };
		C72E3CDA24D105B500D844CB /* yob1965.txt */ = {isa = PBXFileReference; fileEncoding = 4; lastKnownFileType = text; path = yob1965.txt; sourceTree = "<group>"; };
		C72E3CDB24D105B500D844CB /* yob1897.txt */ = {isa = PBXFileReference; fileEncoding = 4; lastKnownFileType = text; path = yob1897.txt; sourceTree = "<group>"; };
		C72E3CDC24D105B500D844CB /* yob1970.txt */ = {isa = PBXFileReference; fileEncoding = 4; lastKnownFileType = text; path = yob1970.txt; sourceTree = "<group>"; };
		C72E3CDD24D105B500D844CB /* yob1927.txt */ = {isa = PBXFileReference; fileEncoding = 4; lastKnownFileType = text; path = yob1927.txt; sourceTree = "<group>"; };
		C72E3CDE24D105B500D844CB /* yob1935.txt */ = {isa = PBXFileReference; fileEncoding = 4; lastKnownFileType = text; path = yob1935.txt; sourceTree = "<group>"; };
		C72E3CDF24D105B500D844CB /* yob1962.txt */ = {isa = PBXFileReference; fileEncoding = 4; lastKnownFileType = text; path = yob1962.txt; sourceTree = "<group>"; };
		C72E3CE024D105B500D844CB /* yob1921.txt */ = {isa = PBXFileReference; fileEncoding = 4; lastKnownFileType = text; path = yob1921.txt; sourceTree = "<group>"; };
		C72E3CE124D105B500D844CB /* yob1981.txt */ = {isa = PBXFileReference; fileEncoding = 4; lastKnownFileType = text; path = yob1981.txt; sourceTree = "<group>"; };
		C72E3CE224D105B600D844CB /* yob2004.txt */ = {isa = PBXFileReference; fileEncoding = 4; lastKnownFileType = text; path = yob2004.txt; sourceTree = "<group>"; };
		C72E3CE324D105B600D844CB /* yob1959.txt */ = {isa = PBXFileReference; fileEncoding = 4; lastKnownFileType = text; path = yob1959.txt; sourceTree = "<group>"; };
		C72E3CE424D105B600D844CB /* yob1945.txt */ = {isa = PBXFileReference; fileEncoding = 4; lastKnownFileType = text; path = yob1945.txt; sourceTree = "<group>"; };
		C72E3CE524D105B600D844CB /* yob1881.txt */ = {isa = PBXFileReference; fileEncoding = 4; lastKnownFileType = text; path = yob1881.txt; sourceTree = "<group>"; };
		C72E3CE624D105B600D844CB /* yob1916.txt */ = {isa = PBXFileReference; fileEncoding = 4; lastKnownFileType = text; path = yob1916.txt; sourceTree = "<group>"; };
		C72E3CE724D105B600D844CB /* yob1883.txt */ = {isa = PBXFileReference; fileEncoding = 4; lastKnownFileType = text; path = yob1883.txt; sourceTree = "<group>"; };
		C72E3CE824D105B600D844CB /* yob1944.txt */ = {isa = PBXFileReference; fileEncoding = 4; lastKnownFileType = text; path = yob1944.txt; sourceTree = "<group>"; };
		C72E3CE924D105B600D844CB /* yob1914.txt */ = {isa = PBXFileReference; fileEncoding = 4; lastKnownFileType = text; path = yob1914.txt; sourceTree = "<group>"; };
		C72E3CEA24D105B600D844CB /* yob1985.txt */ = {isa = PBXFileReference; fileEncoding = 4; lastKnownFileType = text; path = yob1985.txt; sourceTree = "<group>"; };
		C72E3CEB24D105B600D844CB /* yob2003.txt */ = {isa = PBXFileReference; fileEncoding = 4; lastKnownFileType = text; path = yob2003.txt; sourceTree = "<group>"; };
		C72E3CEC24D105B600D844CB /* yob1905.txt */ = {isa = PBXFileReference; fileEncoding = 4; lastKnownFileType = text; path = yob1905.txt; sourceTree = "<group>"; };
		C72E3CED24D105B600D844CB /* yob1979.txt */ = {isa = PBXFileReference; fileEncoding = 4; lastKnownFileType = text; path = yob1979.txt; sourceTree = "<group>"; };
		C72E3CEE24D105B700D844CB /* yob2007.txt */ = {isa = PBXFileReference; fileEncoding = 4; lastKnownFileType = text; path = yob2007.txt; sourceTree = "<group>"; };
		C72E3CEF24D105B700D844CB /* yob1929.txt */ = {isa = PBXFileReference; fileEncoding = 4; lastKnownFileType = text; path = yob1929.txt; sourceTree = "<group>"; };
		C72E3CF024D105B700D844CB /* yob2018.txt */ = {isa = PBXFileReference; fileEncoding = 4; lastKnownFileType = text; path = yob2018.txt; sourceTree = "<group>"; };
		C72E3CF124D105B700D844CB /* yob2017.txt */ = {isa = PBXFileReference; fileEncoding = 4; lastKnownFileType = text; path = yob2017.txt; sourceTree = "<group>"; };
		C72E3CF224D105B700D844CB /* yob1957.txt */ = {isa = PBXFileReference; fileEncoding = 4; lastKnownFileType = text; path = yob1957.txt; sourceTree = "<group>"; };
		C72E3CF324D105B700D844CB /* yob1967.txt */ = {isa = PBXFileReference; fileEncoding = 4; lastKnownFileType = text; path = yob1967.txt; sourceTree = "<group>"; };
		C72E3CF424D105B700D844CB /* yob1943.txt */ = {isa = PBXFileReference; fileEncoding = 4; lastKnownFileType = text; path = yob1943.txt; sourceTree = "<group>"; };
		C72E3CF524D105B700D844CB /* yob2011.txt */ = {isa = PBXFileReference; fileEncoding = 4; lastKnownFileType = text; path = yob2011.txt; sourceTree = "<group>"; };
		C72E3CF624D105B700D844CB /* yob1977.txt */ = {isa = PBXFileReference; fileEncoding = 4; lastKnownFileType = text; path = yob1977.txt; sourceTree = "<group>"; };
		C72E3CF724D105B700D844CB /* yob1922.txt */ = {isa = PBXFileReference; fileEncoding = 4; lastKnownFileType = text; path = yob1922.txt; sourceTree = "<group>"; };
		C72E3CF824D105B800D844CB /* yob1947.txt */ = {isa = PBXFileReference; fileEncoding = 4; lastKnownFileType = text; path = yob1947.txt; sourceTree = "<group>"; };
		C72E3CF924D105B800D844CB /* yob1954.txt */ = {isa = PBXFileReference; fileEncoding = 4; lastKnownFileType = text; path = yob1954.txt; sourceTree = "<group>"; };
		C72E3CFA24D105B800D844CB /* yob2006.txt */ = {isa = PBXFileReference; fileEncoding = 4; lastKnownFileType = text; path = yob2006.txt; sourceTree = "<group>"; };
		C72E3CFB24D105B800D844CB /* yob2005.txt */ = {isa = PBXFileReference; fileEncoding = 4; lastKnownFileType = text; path = yob2005.txt; sourceTree = "<group>"; };
		C72E3CFC24D105B800D844CB /* yob1993.txt */ = {isa = PBXFileReference; fileEncoding = 4; lastKnownFileType = text; path = yob1993.txt; sourceTree = "<group>"; };
		C72E3CFD24D105B800D844CB /* yob1892.txt */ = {isa = PBXFileReference; fileEncoding = 4; lastKnownFileType = text; path = yob1892.txt; sourceTree = "<group>"; };
		C72E3CFE24D105B800D844CB /* yob2013.txt */ = {isa = PBXFileReference; fileEncoding = 4; lastKnownFileType = text; path = yob2013.txt; sourceTree = "<group>"; };
		C72E3CFF24D105B800D844CB /* yob1890.txt */ = {isa = PBXFileReference; fileEncoding = 4; lastKnownFileType = text; path = yob1890.txt; sourceTree = "<group>"; };
		C72E3D0024D105B800D844CB /* yob1984.txt */ = {isa = PBXFileReference; fileEncoding = 4; lastKnownFileType = text; path = yob1984.txt; sourceTree = "<group>"; };
		C72E3D0124D105B800D844CB /* yob1948.txt */ = {isa = PBXFileReference; fileEncoding = 4; lastKnownFileType = text; path = yob1948.txt; sourceTree = "<group>"; };
		C72E3D0224D105B800D844CB /* yob1920.txt */ = {isa = PBXFileReference; fileEncoding = 4; lastKnownFileType = text; path = yob1920.txt; sourceTree = "<group>"; };
		C72E3D0324D105B900D844CB /* yob2014.txt */ = {isa = PBXFileReference; fileEncoding = 4; lastKnownFileType = text; path = yob2014.txt; sourceTree = "<group>"; };
		C72E3D0424D105B900D844CB /* yob2010.txt */ = {isa = PBXFileReference; fileEncoding = 4; lastKnownFileType = text; path = yob2010.txt; sourceTree = "<group>"; };
		C72E3D0524D105B900D844CB /* yob1937.txt */ = {isa = PBXFileReference; fileEncoding = 4; lastKnownFileType = text; path = yob1937.txt; sourceTree = "<group>"; };
		C72E3D0624D105B900D844CB /* yob1912.txt */ = {isa = PBXFileReference; fileEncoding = 4; lastKnownFileType = text; path = yob1912.txt; sourceTree = "<group>"; };
		C72E3D0724D105B900D844CB /* yob1940.txt */ = {isa = PBXFileReference; fileEncoding = 4; lastKnownFileType = text; path = yob1940.txt; sourceTree = "<group>"; };
		C72E3D0824D105B900D844CB /* yob1982.txt */ = {isa = PBXFileReference; fileEncoding = 4; lastKnownFileType = text; path = yob1982.txt; sourceTree = "<group>"; };
		C72E3D0924D105B900D844CB /* yob1932.txt */ = {isa = PBXFileReference; fileEncoding = 4; lastKnownFileType = text; path = yob1932.txt; sourceTree = "<group>"; };
		C72E3D0A24D105B900D844CB /* yob1918.txt */ = {isa = PBXFileReference; fileEncoding = 4; lastKnownFileType = text; path = yob1918.txt; sourceTree = "<group>"; };
		C72E3D0B24D105BA00D844CB /* yob1966.txt */ = {isa = PBXFileReference; fileEncoding = 4; lastKnownFileType = text; path = yob1966.txt; sourceTree = "<group>"; };
		C72E3D0C24D105BA00D844CB /* yob1980.txt */ = {isa = PBXFileReference; fileEncoding = 4; lastKnownFileType = text; path = yob1980.txt; sourceTree = "<group>"; };
		C72E3D0D24D105BA00D844CB /* yob1941.txt */ = {isa = PBXFileReference; fileEncoding = 4; lastKnownFileType = text; path = yob1941.txt; sourceTree = "<group>"; };
		C72E3D0E24D105BA00D844CB /* yob1885.txt */ = {isa = PBXFileReference; fileEncoding = 4; lastKnownFileType = text; path = yob1885.txt; sourceTree = "<group>"; };
		C72E3D0F24D105BA00D844CB /* yob1942.txt */ = {isa = PBXFileReference; fileEncoding = 4; lastKnownFileType = text; path = yob1942.txt; sourceTree = "<group>"; };
		C72E3D1024D105BA00D844CB /* yob1889.txt */ = {isa = PBXFileReference; fileEncoding = 4; lastKnownFileType = text; path = yob1889.txt; sourceTree = "<group>"; };
		C72E3D1124D105BA00D844CB /* yob1901.txt */ = {isa = PBXFileReference; fileEncoding = 4; lastKnownFileType = text; path = yob1901.txt; sourceTree = "<group>"; };
		C72E3D1224D105BA00D844CB /* yob1987.txt */ = {isa = PBXFileReference; fileEncoding = 4; lastKnownFileType = text; path = yob1987.txt; sourceTree = "<group>"; };
		C72E3D1324D105BA00D844CB /* yob1936.txt */ = {isa = PBXFileReference; fileEncoding = 4; lastKnownFileType = text; path = yob1936.txt; sourceTree = "<group>"; };
		C72E3D1424D105BA00D844CB /* yob1894.txt */ = {isa = PBXFileReference; fileEncoding = 4; lastKnownFileType = text; path = yob1894.txt; sourceTree = "<group>"; };
		C72E3D1524D105BA00D844CB /* yob1917.txt */ = {isa = PBXFileReference; fileEncoding = 4; lastKnownFileType = text; path = yob1917.txt; sourceTree = "<group>"; };
		C72E3D1624D105BB00D844CB /* yob1952.txt */ = {isa = PBXFileReference; fileEncoding = 4; lastKnownFileType = text; path = yob1952.txt; sourceTree = "<group>"; };
		C72E3D1724D105BB00D844CB /* yob1907.txt */ = {isa = PBXFileReference; fileEncoding = 4; lastKnownFileType = text; path = yob1907.txt; sourceTree = "<group>"; };
		C72E3D1824D105BB00D844CB /* yob2012.txt */ = {isa = PBXFileReference; fileEncoding = 4; lastKnownFileType = text; path = yob2012.txt; sourceTree = "<group>"; };
		C72E3D1924D105BB00D844CB /* yob1998.txt */ = {isa = PBXFileReference; fileEncoding = 4; lastKnownFileType = text; path = yob1998.txt; sourceTree = "<group>"; };
		C72E3D1A24D105BB00D844CB /* yob1997.txt */ = {isa = PBXFileReference; fileEncoding = 4; lastKnownFileType = text; path = yob1997.txt; sourceTree = "<group>"; };
		C72E3D1B24D105BB00D844CB /* yob1891.txt */ = {isa = PBXFileReference; fileEncoding = 4; lastKnownFileType = text; path = yob1891.txt; sourceTree = "<group>"; };
		C72E3D1C24D105BB00D844CB /* yob1893.txt */ = {isa = PBXFileReference; fileEncoding = 4; lastKnownFileType = text; path = yob1893.txt; sourceTree = "<group>"; };
		C72E3D1D24D105BB00D844CB /* yob2001.txt */ = {isa = PBXFileReference; fileEncoding = 4; lastKnownFileType = text; path = yob2001.txt; sourceTree = "<group>"; };
		C72E3D1E24D105BB00D844CB /* yob1991.txt */ = {isa = PBXFileReference; fileEncoding = 4; lastKnownFileType = text; path = yob1991.txt; sourceTree = "<group>"; };
		C72E3D1F24D105BB00D844CB /* yob1996.txt */ = {isa = PBXFileReference; fileEncoding = 4; lastKnownFileType = text; path = yob1996.txt; sourceTree = "<group>"; };
		C72E3D2024D105BC00D844CB /* yob1953.txt */ = {isa = PBXFileReference; fileEncoding = 4; lastKnownFileType = text; path = yob1953.txt; sourceTree = "<group>"; };
		C730B6231F8885EA007A298E /* BoyScreen.swift */ = {isa = PBXFileReference; lastKnownFileType = sourcecode.swift; path = BoyScreen.swift; sourceTree = "<group>"; };
		C730B6251F888672007A298E /* GirlScreen.swift */ = {isa = PBXFileReference; lastKnownFileType = sourcecode.swift; path = GirlScreen.swift; sourceTree = "<group>"; };
		C756C42F1F8430E100AE87A5 /* babyNameGenerator.app */ = {isa = PBXFileReference; explicitFileType = wrapper.application; includeInIndex = 0; path = babyNameGenerator.app; sourceTree = BUILT_PRODUCTS_DIR; };
		C756C4321F8430E100AE87A5 /* AppDelegate.swift */ = {isa = PBXFileReference; lastKnownFileType = sourcecode.swift; path = AppDelegate.swift; sourceTree = "<group>"; };
		C756C4341F8430E100AE87A5 /* StartScreen.swift */ = {isa = PBXFileReference; lastKnownFileType = sourcecode.swift; path = StartScreen.swift; sourceTree = "<group>"; };
		C756C4391F8430E100AE87A5 /* Assets.xcassets */ = {isa = PBXFileReference; lastKnownFileType = folder.assetcatalog; path = Assets.xcassets; sourceTree = "<group>"; };
		C756C43C1F8430E100AE87A5 /* Base */ = {isa = PBXFileReference; lastKnownFileType = file.storyboard; name = Base; path = Base.lproj/LaunchScreen.storyboard; sourceTree = "<group>"; };
		C756C43E1F8430E100AE87A5 /* Info.plist */ = {isa = PBXFileReference; lastKnownFileType = text.plist.xml; path = Info.plist; sourceTree = "<group>"; };
		C756C4431F8430E100AE87A5 /* babyNameGeneratorTests.xctest */ = {isa = PBXFileReference; explicitFileType = wrapper.cfbundle; includeInIndex = 0; path = babyNameGeneratorTests.xctest; sourceTree = BUILT_PRODUCTS_DIR; };
		C756C4471F8430E100AE87A5 /* babyNameGeneratorTests.swift */ = {isa = PBXFileReference; lastKnownFileType = sourcecode.swift; path = babyNameGeneratorTests.swift; sourceTree = "<group>"; };
		C756C4491F8430E100AE87A5 /* Info.plist */ = {isa = PBXFileReference; lastKnownFileType = text.plist.xml; path = Info.plist; sourceTree = "<group>"; };
		C756C44E1F8430E100AE87A5 /* babyNameGeneratorUITests.xctest */ = {isa = PBXFileReference; explicitFileType = wrapper.cfbundle; includeInIndex = 0; path = babyNameGeneratorUITests.xctest; sourceTree = BUILT_PRODUCTS_DIR; };
		C756C4521F8430E100AE87A5 /* babyNameGeneratorUITests.swift */ = {isa = PBXFileReference; lastKnownFileType = sourcecode.swift; path = babyNameGeneratorUITests.swift; sourceTree = "<group>"; };
		C756C4541F8430E100AE87A5 /* Info.plist */ = {isa = PBXFileReference; lastKnownFileType = text.plist.xml; path = Info.plist; sourceTree = "<group>"; };
		C78A2A012478762E00B8E05E /* babyNameGenerator.xcdatamodel */ = {isa = PBXFileReference; lastKnownFileType = wrapper.xcdatamodel; path = babyNameGenerator.xcdatamodel; sourceTree = "<group>"; };
		C78A2A0524787C5600B8E05E /* FavoriteNames.swift */ = {isa = PBXFileReference; lastKnownFileType = sourcecode.swift; path = FavoriteNames.swift; sourceTree = "<group>"; };
		C7DA6FD41FB15DC600DB3D6C /* Main.storyboard */ = {isa = PBXFileReference; lastKnownFileType = file.storyboard; path = Main.storyboard; sourceTree = "<group>"; };
/* End PBXFileReference section */

/* Begin PBXFrameworksBuildPhase section */
		C756C42C1F8430E000AE87A5 /* Frameworks */ = {
			isa = PBXFrameworksBuildPhase;
			buildActionMask = 2147483647;
			files = (
			);
			runOnlyForDeploymentPostprocessing = 0;
		};
		C756C4401F8430E100AE87A5 /* Frameworks */ = {
			isa = PBXFrameworksBuildPhase;
			buildActionMask = 2147483647;
			files = (
			);
			runOnlyForDeploymentPostprocessing = 0;
		};
		C756C44B1F8430E100AE87A5 /* Frameworks */ = {
			isa = PBXFrameworksBuildPhase;
			buildActionMask = 2147483647;
			files = (
			);
			runOnlyForDeploymentPostprocessing = 0;
		};
/* End PBXFrameworksBuildPhase section */

/* Begin PBXGroup section */
		C74AFFB524AE864A00DCC2EA /* Controllers */ = {
			isa = PBXGroup;
			children = (
				C756C4341F8430E100AE87A5 /* StartScreen.swift */,
				C730B6251F888672007A298E /* GirlScreen.swift */,
				C730B6231F8885EA007A298E /* BoyScreen.swift */,
				C78A2A0524787C5600B8E05E /* FavoriteNames.swift */,
			);
			path = Controllers;
			sourceTree = "<group>";
		};
		C74AFFB624AE867500DCC2EA /* Data Model */ = {
			isa = PBXGroup;
			children = (
				C78A2A002478762E00B8E05E /* babyNameGenerator.xcdatamodeld */,
			);
			path = "Data Model";
			sourceTree = "<group>";
		};
		C756C4261F8430E000AE87A5 = {
			isa = PBXGroup;
			children = (
				C756C4311F8430E100AE87A5 /* babyNameGenerator */,
				C7DAA2EB24C631CC0093A28D /* Boy Name Files */,
				C756C4461F8430E100AE87A5 /* babyNameGeneratorTests */,
				C756C4511F8430E100AE87A5 /* babyNameGeneratorUITests */,
				C756C4301F8430E100AE87A5 /* Products */,
			);
			sourceTree = "<group>";
		};
		C756C4301F8430E100AE87A5 /* Products */ = {
			isa = PBXGroup;
			children = (
				C756C42F1F8430E100AE87A5 /* babyNameGenerator.app */,
				C756C4431F8430E100AE87A5 /* babyNameGeneratorTests.xctest */,
				C756C44E1F8430E100AE87A5 /* babyNameGeneratorUITests.xctest */,
			);
			name = Products;
			sourceTree = "<group>";
		};
		C756C4311F8430E100AE87A5 /* babyNameGenerator */ = {
			isa = PBXGroup;
			children = (
				C721A6021FCCFD61000019BF /* babyNameGenerator.entitlements */,
				C756C4321F8430E100AE87A5 /* AppDelegate.swift */,
				C74AFFB624AE867500DCC2EA /* Data Model */,
				C74AFFB524AE864A00DCC2EA /* Controllers */,
				C7DA6FD41FB15DC600DB3D6C /* Main.storyboard */,
				C756C43B1F8430E100AE87A5 /* LaunchScreen.storyboard */,
				C756C4391F8430E100AE87A5 /* Assets.xcassets */,
				C756C43E1F8430E100AE87A5 /* Info.plist */,
			);
			path = babyNameGenerator;
			sourceTree = "<group>";
		};
		C756C4461F8430E100AE87A5 /* babyNameGeneratorTests */ = {
			isa = PBXGroup;
			children = (
				C756C4471F8430E100AE87A5 /* babyNameGeneratorTests.swift */,
				C756C4491F8430E100AE87A5 /* Info.plist */,
			);
			path = babyNameGeneratorTests;
			sourceTree = "<group>";
		};
		C756C4511F8430E100AE87A5 /* babyNameGeneratorUITests */ = {
			isa = PBXGroup;
			children = (
				C756C4521F8430E100AE87A5 /* babyNameGeneratorUITests.swift */,
				C756C4541F8430E100AE87A5 /* Info.plist */,
			);
			path = babyNameGeneratorUITests;
			sourceTree = "<group>";
		};
		C7DAA2EB24C631CC0093A28D /* Boy Name Files */ = {
			isa = PBXGroup;
			children = (
				C72E3CBB24D105B100D844CB /* yob1880.txt */,
				C72E3CE524D105B600D844CB /* yob1881.txt */,
				C72E3C9F24D105AE00D844CB /* yob1882.txt */,
				C72E3CE724D105B600D844CB /* yob1883.txt */,
				C72E3CAD24D105B000D844CB /* yob1884.txt */,
				C72E3D0E24D105BA00D844CB /* yob1885.txt */,
				C72E3CB824D105B100D844CB /* yob1886.txt */,
				C72E3CC624D105B300D844CB /* yob1887.txt */,
				C72E3CD724D105B400D844CB /* yob1888.txt */,
				C72E3D1024D105BA00D844CB /* yob1889.txt */,
				C72E3CFF24D105B800D844CB /* yob1890.txt */,
				C72E3D1B24D105BB00D844CB /* yob1891.txt */,
				C72E3CFD24D105B800D844CB /* yob1892.txt */,
				C72E3D1C24D105BB00D844CB /* yob1893.txt */,
				C72E3D1424D105BA00D844CB /* yob1894.txt */,
				C72E3C9D24D105AE00D844CB /* yob1895.txt */,
				C72E3CB324D105B000D844CB /* yob1896.txt */,
				C72E3CDB24D105B500D844CB /* yob1897.txt */,
				C72E3CA424D105AF00D844CB /* yob1898.txt */,
				C72E3CD024D105B400D844CB /* yob1899.txt */,
				C72E3C9624D105AD00D844CB /* yob1900.txt */,
				C72E3D1124D105BA00D844CB /* yob1901.txt */,
				C72E3CB024D105B000D844CB /* yob1902.txt */,
				C72E3CBF24D105B200D844CB /* yob1903.txt */,
				C72E3CA124D105AE00D844CB /* yob1904.txt */,
				C72E3CEC24D105B600D844CB /* yob1905.txt */,
				C72E3CB724D105B100D844CB /* yob1906.txt */,
				C72E3D1724D105BB00D844CB /* yob1907.txt */,
				C72E3C9E24D105AE00D844CB /* yob1908.txt */,
				C72E3CC924D105B300D844CB /* yob1909.txt */,
				C72E3CC124D105B200D844CB /* yob1910.txt */,
				C72E3CC724D105B300D844CB /* yob1911.txt */,
				C72E3D0624D105B900D844CB /* yob1912.txt */,
				C72E3CA724D105AF00D844CB /* yob1913.txt */,
				C72E3CE924D105B600D844CB /* yob1914.txt */,
				C72E3CA924D105AF00D844CB /* yob1915.txt */,
				C72E3CE624D105B600D844CB /* yob1916.txt */,
				C72E3D1524D105BA00D844CB /* yob1917.txt */,
				C72E3D0A24D105B900D844CB /* yob1918.txt */,
				C72E3CC424D105B200D844CB /* yob1919.txt */,
				C72E3D0224D105B800D844CB /* yob1920.txt */,
				C72E3CE024D105B500D844CB /* yob1921.txt */,
				C72E3CF724D105B700D844CB /* yob1922.txt */,
				C72E3CBE24D105B200D844CB /* yob1923.txt */,
				C72E3CCC24D105B300D844CB /* yob1924.txt */,
				C72E3CC324D105B200D844CB /* yob1925.txt */,
				C72E3CB624D105B100D844CB /* yob1926.txt */,
				C72E3CDD24D105B500D844CB /* yob1927.txt */,
				C72E3CD124D105B400D844CB /* yob1928.txt */,
				C72E3CEF24D105B700D844CB /* yob1929.txt */,
				C72E3CD524D105B400D844CB /* yob1930.txt */,
				C72E3C9B24D105AE00D844CB /* yob1931.txt */,
				C72E3D0924D105B900D844CB /* yob1932.txt */,
				C72E3CD624D105B400D844CB /* yob1933.txt */,
				C72E3C9924D105AE00D844CB /* yob1934.txt */,
				C72E3CDE24D105B500D844CB /* yob1935.txt */,
				C72E3D1324D105BA00D844CB /* yob1936.txt */,
				C72E3D0524D105B900D844CB /* yob1937.txt */,
				C72E3CA624D105AF00D844CB /* yob1938.txt */,
				C72E3CA224D105AE00D844CB /* yob1939.txt */,
				C72E3D0724D105B900D844CB /* yob1940.txt */,
				C72E3D0D24D105BA00D844CB /* yob1941.txt */,
				C72E3D0F24D105BA00D844CB /* yob1942.txt */,
				C72E3CF424D105B700D844CB /* yob1943.txt */,
				C72E3CE824D105B600D844CB /* yob1944.txt */,
				C72E3CE424D105B600D844CB /* yob1945.txt */,
				C72E3CA024D105AE00D844CB /* yob1946.txt */,
				C72E3CF824D105B800D844CB /* yob1947.txt */,
				C72E3D0124D105B800D844CB /* yob1948.txt */,
				C72E3CB124D105B000D844CB /* yob1949.txt */,
				C72E3CB524D105B000D844CB /* yob1950.txt */,
				C72E3C9724D105AD00D844CB /* yob1951.txt */,
				C72E3D1624D105BB00D844CB /* yob1952.txt */,
				C72E3D2024D105BC00D844CB /* yob1953.txt */,
				C72E3CF924D105B800D844CB /* yob1954.txt */,
				C72E3CCD24D105B300D844CB /* yob1955.txt */,
				C72E3CD424D105B400D844CB /* yob1956.txt */,
				C72E3CF224D105B700D844CB /* yob1957.txt */,
				C72E3CAE24D105B000D844CB /* yob1958.txt */,
				C72E3CE324D105B600D844CB /* yob1959.txt */,
				C72E3CBA24D105B100D844CB /* yob1960.txt */,
				C72E3CC824D105B300D844CB /* yob1961.txt */,
				C72E3CDF24D105B500D844CB /* yob1962.txt */,
				C72E3CAC24D105B000D844CB /* yob1963.txt */,
				C72E3CB424D105B000D844CB /* yob1964.txt */,
				C72E3CDA24D105B500D844CB /* yob1965.txt */,
				C72E3D0B24D105BA00D844CB /* yob1966.txt */,
				C72E3CF324D105B700D844CB /* yob1967.txt */,
				C72E3CAF24D105B000D844CB /* yob1968.txt */,
				C72E3CB224D105B000D844CB /* yob1969.txt */,
				C72E3CDC24D105B500D844CB /* yob1970.txt */,
				C72E3CBD24D105B200D844CB /* yob1971.txt */,
				C72E3C9C24D105AE00D844CB /* yob1972.txt */,
				C72E3CC024D105B200D844CB /* yob1973.txt */,
				C72E3CD224D105B400D844CB /* yob1974.txt */,
				C72E3C9A24D105AE00D844CB /* yob1975.txt */,
				C72E3CCE24D105B400D844CB /* yob1976.txt */,
				C72E3CF624D105B700D844CB /* yob1977.txt */,
				C72E3CAA24D105AF00D844CB /* yob1978.txt */,
				C72E3CED24D105B600D844CB /* yob1979.txt */,
				C72E3D0C24D105BA00D844CB /* yob1980.txt */,
				C72E3CE124D105B500D844CB /* yob1981.txt */,
				C72E3D0824D105B900D844CB /* yob1982.txt */,
				C72E3CC224D105B200D844CB /* yob1983.txt */,
				C72E3D0024D105B800D844CB /* yob1984.txt */,
				C72E3CEA24D105B600D844CB /* yob1985.txt */,
				C72E3CA324D105AF00D844CB /* yob1986.txt */,
				C72E3D1224D105BA00D844CB /* yob1987.txt */,
				C72E3CB924D105B100D844CB /* yob1988.txt */,
				C72E3CA824D105AF00D844CB /* yob1989.txt */,
				C72E3CC524D105B300D844CB /* yob1990.txt */,
				C72E3D1E24D105BB00D844CB /* yob1991.txt */,
				C72E3CCF24D105B400D844CB /* yob1992.txt */,
				C72E3CFC24D105B800D844CB /* yob1993.txt */,
				C72E3CA524D105AF00D844CB /* yob1994.txt */,
				C72E3CCA24D105B300D844CB /* yob1995.txt */,
				C72E3D1F24D105BB00D844CB /* yob1996.txt */,
				C72E3D1A24D105BB00D844CB /* yob1997.txt */,
				C72E3D1924D105BB00D844CB /* yob1998.txt */,
				C72E3CCB24D105B300D844CB /* yob1999.txt */,
				C72E3CD324D105B400D844CB /* yob2000.txt */,
				C72E3D1D24D105BB00D844CB /* yob2001.txt */,
				C72E3CAB24D105B000D844CB /* yob2002.txt */,
				C72E3CEB24D105B600D844CB /* yob2003.txt */,
				C72E3CE224D105B600D844CB /* yob2004.txt */,
				C72E3CFB24D105B800D844CB /* yob2005.txt */,
				C72E3CFA24D105B800D844CB /* yob2006.txt */,
				C72E3CEE24D105B700D844CB /* yob2007.txt */,
				C72E3CD824D105B500D844CB /* yob2008.txt */,
				C72E3CBC24D105B100D844CB /* yob2009.txt */,
				C72E3D0424D105B900D844CB /* yob2010.txt */,
				C72E3CF524D105B700D844CB /* yob2011.txt */,
				C72E3D1824D105BB00D844CB /* yob2012.txt */,
				C72E3CFE24D105B800D844CB /* yob2013.txt */,
				C72E3D0324D105B900D844CB /* yob2014.txt */,
				C72E3CD924D105B500D844CB /* yob2015.txt */,
				C72E3C9824D105AD00D844CB /* yob2016.txt */,
				C72E3CF124D105B700D844CB /* yob2017.txt */,
				C72E3CF024D105B700D844CB /* yob2018.txt */,
			);
			path = "Boy Name Files";
			sourceTree = "<group>";
		};
/* End PBXGroup section */

/* Begin PBXNativeTarget section */
		C756C42E1F8430E000AE87A5 /* babyNameGenerator */ = {
			isa = PBXNativeTarget;
			buildConfigurationList = C756C4571F8430E100AE87A5 /* Build configuration list for PBXNativeTarget "babyNameGenerator" */;
			buildPhases = (
				C756C42B1F8430E000AE87A5 /* Sources */,
				C756C42C1F8430E000AE87A5 /* Frameworks */,
				C756C42D1F8430E000AE87A5 /* Resources */,
				C73565211FA8B2090080BD7D /* Embed Watch Content */,
			);
			buildRules = (
			);
			dependencies = (
			);
			name = babyNameGenerator;
			productName = babyNameGenerator;
			productReference = C756C42F1F8430E100AE87A5 /* babyNameGenerator.app */;
			productType = "com.apple.product-type.application";
		};
		C756C4421F8430E100AE87A5 /* babyNameGeneratorTests */ = {
			isa = PBXNativeTarget;
			buildConfigurationList = C756C45A1F8430E100AE87A5 /* Build configuration list for PBXNativeTarget "babyNameGeneratorTests" */;
			buildPhases = (
				C756C43F1F8430E100AE87A5 /* Sources */,
				C756C4401F8430E100AE87A5 /* Frameworks */,
				C756C4411F8430E100AE87A5 /* Resources */,
			);
			buildRules = (
			);
			dependencies = (
				C756C4451F8430E100AE87A5 /* PBXTargetDependency */,
			);
			name = babyNameGeneratorTests;
			productName = babyNameGeneratorTests;
			productReference = C756C4431F8430E100AE87A5 /* babyNameGeneratorTests.xctest */;
			productType = "com.apple.product-type.bundle.unit-test";
		};
		C756C44D1F8430E100AE87A5 /* babyNameGeneratorUITests */ = {
			isa = PBXNativeTarget;
			buildConfigurationList = C756C45D1F8430E100AE87A5 /* Build configuration list for PBXNativeTarget "babyNameGeneratorUITests" */;
			buildPhases = (
				C756C44A1F8430E100AE87A5 /* Sources */,
				C756C44B1F8430E100AE87A5 /* Frameworks */,
				C756C44C1F8430E100AE87A5 /* Resources */,
			);
			buildRules = (
			);
			dependencies = (
				C756C4501F8430E100AE87A5 /* PBXTargetDependency */,
			);
			name = babyNameGeneratorUITests;
			productName = babyNameGeneratorUITests;
			productReference = C756C44E1F8430E100AE87A5 /* babyNameGeneratorUITests.xctest */;
			productType = "com.apple.product-type.bundle.ui-testing";
		};
/* End PBXNativeTarget section */

/* Begin PBXProject section */
		C756C4271F8430E000AE87A5 /* Project object */ = {
			isa = PBXProject;
			attributes = {
				LastSwiftUpdateCheck = 0900;
				LastUpgradeCheck = 1130;
				ORGANIZATIONNAME = "James Jensen";
				TargetAttributes = {
					C756C42E1F8430E000AE87A5 = {
						CreatedOnToolsVersion = 8.3.2;
						DevelopmentTeam = 3UDVHUQG9F;
						LastSwiftMigration = 1130;
						ProvisioningStyle = Automatic;
						SystemCapabilities = {
							com.apple.Keychain = {
								enabled = 1;
							};
						};
					};
					C756C4421F8430E100AE87A5 = {
						CreatedOnToolsVersion = 8.3.2;
						LastSwiftMigration = 1130;
						ProvisioningStyle = Automatic;
						TestTargetID = C756C42E1F8430E000AE87A5;
					};
					C756C44D1F8430E100AE87A5 = {
						CreatedOnToolsVersion = 8.3.2;
						LastSwiftMigration = 1130;
						ProvisioningStyle = Automatic;
						TestTargetID = C756C42E1F8430E000AE87A5;
					};
				};
			};
			buildConfigurationList = C756C42A1F8430E000AE87A5 /* Build configuration list for PBXProject "babyNameGenerator" */;
			compatibilityVersion = "Xcode 3.2";
			developmentRegion = en;
			hasScannedForEncodings = 0;
			knownRegions = (
				en,
				Base,
			);
			mainGroup = C756C4261F8430E000AE87A5;
			productRefGroup = C756C4301F8430E100AE87A5 /* Products */;
			projectDirPath = "";
			projectRoot = "";
			targets = (
				C756C42E1F8430E000AE87A5 /* babyNameGenerator */,
				C756C4421F8430E100AE87A5 /* babyNameGeneratorTests */,
				C756C44D1F8430E100AE87A5 /* babyNameGeneratorUITests */,
			);
		};
/* End PBXProject section */

/* Begin PBXResourcesBuildPhase section */
		C756C42D1F8430E000AE87A5 /* Resources */ = {
			isa = PBXResourcesBuildPhase;
			buildActionMask = 2147483647;
			files = (
				C72E3D7824D105BC00D844CB /* yob1979.txt in Resources */,
				C72E3D9F24D105BC00D844CB /* yob1894.txt in Resources */,
				C72E3D3424D105BC00D844CB /* yob1915.txt in Resources */,
				C72E3D8424D105BC00D844CB /* yob1954.txt in Resources */,
				C72E3D3124D105BC00D844CB /* yob1938.txt in Resources */,
				C72E3D3924D105BC00D844CB /* yob1958.txt in Resources */,
				C72E3D8924D105BC00D844CB /* yob2013.txt in Resources */,
				C756C43D1F8430E100AE87A5 /* LaunchScreen.storyboard in Resources */,
				C72E3DA124D105BC00D844CB /* yob1952.txt in Resources */,
				C72E3D3624D105BC00D844CB /* yob2002.txt in Resources */,
				C72E3D7C24D105BC00D844CB /* yob2017.txt in Resources */,
				C72E3D6424D105BC00D844CB /* yob2015.txt in Resources */,
				C72E3D2E24D105BC00D844CB /* yob1986.txt in Resources */,
				C72E3D2524D105BC00D844CB /* yob1975.txt in Resources */,
				C72E3D6F24D105BC00D844CB /* yob1945.txt in Resources */,
				C72E3D6824D105BC00D844CB /* yob1927.txt in Resources */,
				C72E3D9E24D105BC00D844CB /* yob1936.txt in Resources */,
				C72E3D9624D105BC00D844CB /* yob1966.txt in Resources */,
				C72E3D9524D105BC00D844CB /* yob1918.txt in Resources */,
				C72E3D8224D105BC00D844CB /* yob1922.txt in Resources */,
				C72E3D3724D105BC00D844CB /* yob1963.txt in Resources */,
				C72E3D4D24D105BC00D844CB /* yob1983.txt in Resources */,
				C72E3DA224D105BC00D844CB /* yob1907.txt in Resources */,
				C72E3D7F24D105BC00D844CB /* yob1943.txt in Resources */,
				C72E3D4624D105BC00D844CB /* yob1880.txt in Resources */,
				C72E3D7B24D105BC00D844CB /* yob2018.txt in Resources */,
				C72E3D4424D105BC00D844CB /* yob1988.txt in Resources */,
				C72E3D7724D105BC00D844CB /* yob1905.txt in Resources */,
				C72E3D5524D105BC00D844CB /* yob1995.txt in Resources */,
				C72E3D2824D105BC00D844CB /* yob1895.txt in Resources */,
				C72E3D4A24D105BC00D844CB /* yob1903.txt in Resources */,
				C72E3D5924D105BC00D844CB /* yob1976.txt in Resources */,
				C72E3D8124D105BC00D844CB /* yob1977.txt in Resources */,
				C72E3D4F24D105BC00D844CB /* yob1919.txt in Resources */,
				C72E3D3A24D105BC00D844CB /* yob1968.txt in Resources */,
				C72E3D7124D105BC00D844CB /* yob1916.txt in Resources */,
				C72E3D5124D105BC00D844CB /* yob1887.txt in Resources */,
				C72E3D8D24D105BC00D844CB /* yob1920.txt in Resources */,
				C72E3DA724D105BC00D844CB /* yob1893.txt in Resources */,
				C72E3D3C24D105BC00D844CB /* yob1949.txt in Resources */,
				C72E3D3E24D105BC00D844CB /* yob1896.txt in Resources */,
				C72E3D5C24D105BC00D844CB /* yob1928.txt in Resources */,
				C72E3D5B24D105BC00D844CB /* yob1899.txt in Resources */,
				C72E3D7424D105BC00D844CB /* yob1914.txt in Resources */,
				C72E3D5824D105BC00D844CB /* yob1955.txt in Resources */,
				C72E3D4C24D105BC00D844CB /* yob1910.txt in Resources */,
				C72E3D4724D105BC00D844CB /* yob2009.txt in Resources */,
				C72E3D3824D105BC00D844CB /* yob1884.txt in Resources */,
				C72E3D5024D105BC00D844CB /* yob1990.txt in Resources */,
				C72E3D4B24D105BC00D844CB /* yob1973.txt in Resources */,
				C72E3D2124D105BC00D844CB /* yob1900.txt in Resources */,
				C72E3D2424D105BC00D844CB /* yob1934.txt in Resources */,
				C72E3D5E24D105BC00D844CB /* yob2000.txt in Resources */,
				C72E3DA324D105BC00D844CB /* yob2012.txt in Resources */,
				C72E3D6624D105BC00D844CB /* yob1897.txt in Resources */,
				C72E3DA924D105BC00D844CB /* yob1991.txt in Resources */,
				C72E3D9A24D105BC00D844CB /* yob1942.txt in Resources */,
				C72E3D6524D105BC00D844CB /* yob1965.txt in Resources */,
				C72E3D2C24D105BC00D844CB /* yob1904.txt in Resources */,
				C72E3D5324D105BC00D844CB /* yob1961.txt in Resources */,
				C72E3D2924D105BC00D844CB /* yob1908.txt in Resources */,
				C72E3D6B24D105BC00D844CB /* yob1921.txt in Resources */,
				C72E3D5724D105BC00D844CB /* yob1924.txt in Resources */,
				C72E3D4824D105BC00D844CB /* yob1971.txt in Resources */,
				C72E3D6D24D105BC00D844CB /* yob2004.txt in Resources */,
				C72E3D4124D105BC00D844CB /* yob1926.txt in Resources */,
				C72E3D8F24D105BC00D844CB /* yob2010.txt in Resources */,
				C72E3D9D24D105BC00D844CB /* yob1987.txt in Resources */,
				C72E3DA824D105BC00D844CB /* yob2001.txt in Resources */,
				C72E3D7024D105BC00D844CB /* yob1881.txt in Resources */,
				C72E3D2324D105BC00D844CB /* yob2016.txt in Resources */,
				C72E3D9424D105BC00D844CB /* yob1932.txt in Resources */,
				C756C43A1F8430E100AE87A5 /* Assets.xcassets in Resources */,
				C72E3D9C24D105BC00D844CB /* yob1901.txt in Resources */,
				C72E3D4324D105BC00D844CB /* yob1886.txt in Resources */,
				C72E3D5224D105BC00D844CB /* yob1911.txt in Resources */,
				C72E3D9824D105BC00D844CB /* yob1941.txt in Resources */,
				C72E3D3B24D105BC00D844CB /* yob1902.txt in Resources */,
				C72E3D6C24D105BC00D844CB /* yob1981.txt in Resources */,
				C72E3D5A24D105BC00D844CB /* yob1992.txt in Resources */,
				C72E3D3224D105BC00D844CB /* yob1913.txt in Resources */,
				C72E3D6224D105BC00D844CB /* yob1888.txt in Resources */,
				C72E3D5F24D105BC00D844CB /* yob1956.txt in Resources */,
				C72E3D8824D105BC00D844CB /* yob1892.txt in Resources */,
				C72E3D8624D105BC00D844CB /* yob2005.txt in Resources */,
				C72E3D7624D105BC00D844CB /* yob2003.txt in Resources */,
				C72E3D3F24D105BC00D844CB /* yob1964.txt in Resources */,
				C72E3D6024D105BC00D844CB /* yob1930.txt in Resources */,
				C72E3D9924D105BC00D844CB /* yob1885.txt in Resources */,
				C72E3D5624D105BC00D844CB /* yob1999.txt in Resources */,
				C72E3D7324D105BC00D844CB /* yob1944.txt in Resources */,
				C72E3DAB24D105BC00D844CB /* yob1953.txt in Resources */,
				C72E3D4E24D105BC00D844CB /* yob1925.txt in Resources */,
				C72E3D2D24D105BC00D844CB /* yob1939.txt in Resources */,
				C72E3D6A24D105BC00D844CB /* yob1962.txt in Resources */,
				C72E3D8A24D105BC00D844CB /* yob1890.txt in Resources */,
				C72E3D4224D105BC00D844CB /* yob1906.txt in Resources */,
				C72E3DA624D105BC00D844CB /* yob1891.txt in Resources */,
				C72E3DA524D105BC00D844CB /* yob1997.txt in Resources */,
				C72E3D4924D105BC00D844CB /* yob1923.txt in Resources */,
				C72E3D8B24D105BC00D844CB /* yob1984.txt in Resources */,
				C72E3D7524D105BC00D844CB /* yob1985.txt in Resources */,
				C72E3D8724D105BC00D844CB /* yob1993.txt in Resources */,
				C72E3D7224D105BC00D844CB /* yob1883.txt in Resources */,
				C72E3D4524D105BC00D844CB /* yob1960.txt in Resources */,
				C72E3DA024D105BC00D844CB /* yob1917.txt in Resources */,
				C72E3D2224D105BC00D844CB /* yob1951.txt in Resources */,
				C72E3D6724D105BC00D844CB /* yob1970.txt in Resources */,
				C72E3D8C24D105BC00D844CB /* yob1948.txt in Resources */,
				C72E3D3324D105BC00D844CB /* yob1989.txt in Resources */,
				C72E3D2B24D105BC00D844CB /* yob1946.txt in Resources */,
				C72E3D5424D105BC00D844CB /* yob1909.txt in Resources */,
				C72E3D9724D105BC00D844CB /* yob1980.txt in Resources */,
				C72E3D8524D105BC00D844CB /* yob2006.txt in Resources */,
				C72E3D7A24D105BC00D844CB /* yob1929.txt in Resources */,
				C72E3D9B24D105BC00D844CB /* yob1889.txt in Resources */,
				C7DA6FD51FB15DC600DB3D6C /* Main.storyboard in Resources */,
				C72E3D3024D105BC00D844CB /* yob1994.txt in Resources */,
				C72E3D8024D105BC00D844CB /* yob2011.txt in Resources */,
				C72E3DA424D105BC00D844CB /* yob1998.txt in Resources */,
				C72E3D5D24D105BC00D844CB /* yob1974.txt in Resources */,
				C72E3D2724D105BC00D844CB /* yob1972.txt in Resources */,
				C72E3D6E24D105BC00D844CB /* yob1959.txt in Resources */,
				C72E3D9124D105BC00D844CB /* yob1912.txt in Resources */,
				C72E3D9324D105BC00D844CB /* yob1982.txt in Resources */,
				C72E3D7E24D105BC00D844CB /* yob1967.txt in Resources */,
				C72E3D3524D105BC00D844CB /* yob1978.txt in Resources */,
				C72E3D3D24D105BC00D844CB /* yob1969.txt in Resources */,
				C72E3D9224D105BC00D844CB /* yob1940.txt in Resources */,
				C72E3DAA24D105BC00D844CB /* yob1996.txt in Resources */,
				C72E3D6924D105BC00D844CB /* yob1935.txt in Resources */,
				C72E3D2624D105BC00D844CB /* yob1931.txt in Resources */,
				C72E3D8E24D105BC00D844CB /* yob2014.txt in Resources */,
				C72E3D9024D105BC00D844CB /* yob1937.txt in Resources */,
				C72E3D7D24D105BC00D844CB /* yob1957.txt in Resources */,
				C72E3D2A24D105BC00D844CB /* yob1882.txt in Resources */,
				C72E3D2F24D105BC00D844CB /* yob1898.txt in Resources */,
				C72E3D7924D105BC00D844CB /* yob2007.txt in Resources */,
				C72E3D8324D105BC00D844CB /* yob1947.txt in Resources */,
				C72E3D6324D105BC00D844CB /* yob2008.txt in Resources */,
				C72E3D4024D105BC00D844CB /* yob1950.txt in Resources */,
				C72E3D6124D105BC00D844CB /* yob1933.txt in Resources */,
			);
			runOnlyForDeploymentPostprocessing = 0;
		};
		C756C4411F8430E100AE87A5 /* Resources */ = {
			isa = PBXResourcesBuildPhase;
			buildActionMask = 2147483647;
			files = (
			);
			runOnlyForDeploymentPostprocessing = 0;
		};
		C756C44C1F8430E100AE87A5 /* Resources */ = {
			isa = PBXResourcesBuildPhase;
			buildActionMask = 2147483647;
			files = (
			);
			runOnlyForDeploymentPostprocessing = 0;
		};
/* End PBXResourcesBuildPhase section */

/* Begin PBXSourcesBuildPhase section */
		C756C42B1F8430E000AE87A5 /* Sources */ = {
			isa = PBXSourcesBuildPhase;
			buildActionMask = 2147483647;
			files = (
				C730B6241F8885EA007A298E /* BoyScreen.swift in Sources */,
				C730B6261F888672007A298E /* GirlScreen.swift in Sources */,
				C78A2A0624787C5600B8E05E /* FavoriteNames.swift in Sources */,
				C756C4351F8430E100AE87A5 /* StartScreen.swift in Sources */,
				C78A2A022478762E00B8E05E /* babyNameGenerator.xcdatamodeld in Sources */,
				C756C4331F8430E100AE87A5 /* AppDelegate.swift in Sources */,
			);
			runOnlyForDeploymentPostprocessing = 0;
		};
		C756C43F1F8430E100AE87A5 /* Sources */ = {
			isa = PBXSourcesBuildPhase;
			buildActionMask = 2147483647;
			files = (
				C756C4481F8430E100AE87A5 /* babyNameGeneratorTests.swift in Sources */,
			);
			runOnlyForDeploymentPostprocessing = 0;
		};
		C756C44A1F8430E100AE87A5 /* Sources */ = {
			isa = PBXSourcesBuildPhase;
			buildActionMask = 2147483647;
			files = (
				C756C4531F8430E100AE87A5 /* babyNameGeneratorUITests.swift in Sources */,
			);
			runOnlyForDeploymentPostprocessing = 0;
		};
/* End PBXSourcesBuildPhase section */

/* Begin PBXTargetDependency section */
		C756C4451F8430E100AE87A5 /* PBXTargetDependency */ = {
			isa = PBXTargetDependency;
			target = C756C42E1F8430E000AE87A5 /* babyNameGenerator */;
			targetProxy = C756C4441F8430E100AE87A5 /* PBXContainerItemProxy */;
		};
		C756C4501F8430E100AE87A5 /* PBXTargetDependency */ = {
			isa = PBXTargetDependency;
			target = C756C42E1F8430E000AE87A5 /* babyNameGenerator */;
			targetProxy = C756C44F1F8430E100AE87A5 /* PBXContainerItemProxy */;
		};
/* End PBXTargetDependency section */

/* Begin PBXVariantGroup section */
		C756C43B1F8430E100AE87A5 /* LaunchScreen.storyboard */ = {
			isa = PBXVariantGroup;
			children = (
				C756C43C1F8430E100AE87A5 /* Base */,
			);
			name = LaunchScreen.storyboard;
			sourceTree = "<group>";
		};
/* End PBXVariantGroup section */

/* Begin XCBuildConfiguration section */
		C756C4551F8430E100AE87A5 /* Debug */ = {
			isa = XCBuildConfiguration;
			buildSettings = {
				ALWAYS_SEARCH_USER_PATHS = NO;
				CLANG_ANALYZER_LOCALIZABILITY_NONLOCALIZED = YES;
				CLANG_ANALYZER_NONNULL = YES;
				CLANG_ANALYZER_NUMBER_OBJECT_CONVERSION = YES_AGGRESSIVE;
				CLANG_CXX_LANGUAGE_STANDARD = "gnu++0x";
				CLANG_CXX_LIBRARY = "libc++";
				CLANG_ENABLE_MODULES = YES;
				CLANG_ENABLE_OBJC_ARC = YES;
				CLANG_WARN_BLOCK_CAPTURE_AUTORELEASING = YES;
				CLANG_WARN_BOOL_CONVERSION = YES;
				CLANG_WARN_COMMA = YES;
				CLANG_WARN_CONSTANT_CONVERSION = YES;
				CLANG_WARN_DEPRECATED_OBJC_IMPLEMENTATIONS = YES;
				CLANG_WARN_DIRECT_OBJC_ISA_USAGE = YES_ERROR;
				CLANG_WARN_DOCUMENTATION_COMMENTS = YES;
				CLANG_WARN_EMPTY_BODY = YES;
				CLANG_WARN_ENUM_CONVERSION = YES;
				CLANG_WARN_INFINITE_RECURSION = YES;
				CLANG_WARN_INT_CONVERSION = YES;
				CLANG_WARN_NON_LITERAL_NULL_CONVERSION = YES;
				CLANG_WARN_OBJC_IMPLICIT_RETAIN_SELF = YES;
				CLANG_WARN_OBJC_LITERAL_CONVERSION = YES;
				CLANG_WARN_OBJC_ROOT_CLASS = YES_ERROR;
				CLANG_WARN_RANGE_LOOP_ANALYSIS = YES;
				CLANG_WARN_STRICT_PROTOTYPES = YES;
				CLANG_WARN_SUSPICIOUS_MOVE = YES;
				CLANG_WARN_UNREACHABLE_CODE = YES;
				CLANG_WARN__DUPLICATE_METHOD_MATCH = YES;
				"CODE_SIGN_IDENTITY[sdk=iphoneos*]" = "iPhone Developer";
				COPY_PHASE_STRIP = NO;
				DEBUG_INFORMATION_FORMAT = dwarf;
				ENABLE_STRICT_OBJC_MSGSEND = YES;
				ENABLE_TESTABILITY = YES;
				GCC_C_LANGUAGE_STANDARD = gnu99;
				GCC_DYNAMIC_NO_PIC = NO;
				GCC_NO_COMMON_BLOCKS = YES;
				GCC_OPTIMIZATION_LEVEL = 0;
				GCC_PREPROCESSOR_DEFINITIONS = (
					"DEBUG=1",
					"$(inherited)",
				);
				GCC_WARN_64_TO_32_BIT_CONVERSION = YES;
				GCC_WARN_ABOUT_RETURN_TYPE = YES_ERROR;
				GCC_WARN_UNDECLARED_SELECTOR = YES;
				GCC_WARN_UNINITIALIZED_AUTOS = YES_AGGRESSIVE;
				GCC_WARN_UNUSED_FUNCTION = YES;
				GCC_WARN_UNUSED_VARIABLE = YES;
				IPHONEOS_DEPLOYMENT_TARGET = 11.1;
				MTL_ENABLE_DEBUG_INFO = YES;
				ONLY_ACTIVE_ARCH = YES;
				SDKROOT = iphoneos;
				SWIFT_ACTIVE_COMPILATION_CONDITIONS = DEBUG;
				SWIFT_OPTIMIZATION_LEVEL = "-Onone";
				TARGETED_DEVICE_FAMILY = "1,2";
			};
			name = Debug;
		};
		C756C4561F8430E100AE87A5 /* Release */ = {
			isa = XCBuildConfiguration;
			buildSettings = {
				ALWAYS_SEARCH_USER_PATHS = NO;
				CLANG_ANALYZER_LOCALIZABILITY_NONLOCALIZED = YES;
				CLANG_ANALYZER_NONNULL = YES;
				CLANG_ANALYZER_NUMBER_OBJECT_CONVERSION = YES_AGGRESSIVE;
				CLANG_CXX_LANGUAGE_STANDARD = "gnu++0x";
				CLANG_CXX_LIBRARY = "libc++";
				CLANG_ENABLE_MODULES = YES;
				CLANG_ENABLE_OBJC_ARC = YES;
				CLANG_WARN_BLOCK_CAPTURE_AUTORELEASING = YES;
				CLANG_WARN_BOOL_CONVERSION = YES;
				CLANG_WARN_COMMA = YES;
				CLANG_WARN_CONSTANT_CONVERSION = YES;
				CLANG_WARN_DEPRECATED_OBJC_IMPLEMENTATIONS = YES;
				CLANG_WARN_DIRECT_OBJC_ISA_USAGE = YES_ERROR;
				CLANG_WARN_DOCUMENTATION_COMMENTS = YES;
				CLANG_WARN_EMPTY_BODY = YES;
				CLANG_WARN_ENUM_CONVERSION = YES;
				CLANG_WARN_INFINITE_RECURSION = YES;
				CLANG_WARN_INT_CONVERSION = YES;
				CLANG_WARN_NON_LITERAL_NULL_CONVERSION = YES;
				CLANG_WARN_OBJC_IMPLICIT_RETAIN_SELF = YES;
				CLANG_WARN_OBJC_LITERAL_CONVERSION = YES;
				CLANG_WARN_OBJC_ROOT_CLASS = YES_ERROR;
				CLANG_WARN_RANGE_LOOP_ANALYSIS = YES;
				CLANG_WARN_STRICT_PROTOTYPES = YES;
				CLANG_WARN_SUSPICIOUS_MOVE = YES;
				CLANG_WARN_UNREACHABLE_CODE = YES;
				CLANG_WARN__DUPLICATE_METHOD_MATCH = YES;
				"CODE_SIGN_IDENTITY[sdk=iphoneos*]" = "iPhone Distribution";
				COPY_PHASE_STRIP = NO;
				DEBUG_INFORMATION_FORMAT = "dwarf-with-dsym";
				ENABLE_NS_ASSERTIONS = NO;
				ENABLE_STRICT_OBJC_MSGSEND = YES;
				GCC_C_LANGUAGE_STANDARD = gnu99;
				GCC_NO_COMMON_BLOCKS = YES;
				GCC_WARN_64_TO_32_BIT_CONVERSION = YES;
				GCC_WARN_ABOUT_RETURN_TYPE = YES_ERROR;
				GCC_WARN_UNDECLARED_SELECTOR = YES;
				GCC_WARN_UNINITIALIZED_AUTOS = YES_AGGRESSIVE;
				GCC_WARN_UNUSED_FUNCTION = YES;
				GCC_WARN_UNUSED_VARIABLE = YES;
				IPHONEOS_DEPLOYMENT_TARGET = 11.1;
				MTL_ENABLE_DEBUG_INFO = NO;
				SDKROOT = iphoneos;
				SWIFT_OPTIMIZATION_LEVEL = "-Owholemodule";
				TARGETED_DEVICE_FAMILY = "1,2";
				VALIDATE_PRODUCT = YES;
			};
			name = Release;
		};
		C756C4581F8430E100AE87A5 /* Debug */ = {
			isa = XCBuildConfiguration;
			buildSettings = {
				ASSETCATALOG_COMPILER_APPICON_NAME = AppIcon;
				CODE_SIGN_ENTITLEMENTS = babyNameGenerator/babyNameGenerator.entitlements;
				CODE_SIGN_IDENTITY = "iPhone Developer";
				"CODE_SIGN_IDENTITY[sdk=iphoneos*]" = "iPhone Developer";
				CODE_SIGN_STYLE = Automatic;
				DEVELOPMENT_TEAM = 3UDVHUQG9F;
				INFOPLIST_FILE = babyNameGenerator/Info.plist;
				IPHONEOS_DEPLOYMENT_TARGET = 13.0;
				LD_RUNPATH_SEARCH_PATHS = "$(inherited) @executable_path/Frameworks";
				PRODUCT_BUNDLE_IDENTIFIER = JamesJensen.baby.name.generator;
				PRODUCT_NAME = "$(TARGET_NAME)";
				PROVISIONING_PROFILE = "";
				PROVISIONING_PROFILE_SPECIFIER = "";
				SWIFT_SWIFT3_OBJC_INFERENCE = Default;
				SWIFT_VERSION = 5.0;
			};
			name = Debug;
		};
		C756C4591F8430E100AE87A5 /* Release */ = {
			isa = XCBuildConfiguration;
			buildSettings = {
				ASSETCATALOG_COMPILER_APPICON_NAME = AppIcon;
				CODE_SIGN_ENTITLEMENTS = babyNameGenerator/babyNameGenerator.entitlements;
				CODE_SIGN_IDENTITY = "iPhone Developer";
				"CODE_SIGN_IDENTITY[sdk=iphoneos*]" = "iPhone Developer";
				CODE_SIGN_STYLE = Automatic;
				DEVELOPMENT_TEAM = 3UDVHUQG9F;
				INFOPLIST_FILE = babyNameGenerator/Info.plist;
				IPHONEOS_DEPLOYMENT_TARGET = 13.0;
				LD_RUNPATH_SEARCH_PATHS = "$(inherited) @executable_path/Frameworks";
				PRODUCT_BUNDLE_IDENTIFIER = JamesJensen.baby.name.generator;
				PRODUCT_NAME = "$(TARGET_NAME)";
				PROVISIONING_PROFILE = "";
				PROVISIONING_PROFILE_SPECIFIER = "";
				SWIFT_SWIFT3_OBJC_INFERENCE = Default;
				SWIFT_VERSION = 5.0;
			};
			name = Release;
		};
		C756C45B1F8430E100AE87A5 /* Debug */ = {
			isa = XCBuildConfiguration;
			buildSettings = {
				ALWAYS_EMBED_SWIFT_STANDARD_LIBRARIES = YES;
				BUNDLE_LOADER = "$(TEST_HOST)";
				INFOPLIST_FILE = babyNameGeneratorTests/Info.plist;
				LD_RUNPATH_SEARCH_PATHS = "$(inherited) @executable_path/Frameworks @loader_path/Frameworks";
				PRODUCT_BUNDLE_IDENTIFIER = "-01-Create.babyNameGeneratorTests";
				PRODUCT_NAME = "$(TARGET_NAME)";
				SWIFT_SWIFT3_OBJC_INFERENCE = On;
				SWIFT_VERSION = 5.0;
				TEST_HOST = "$(BUILT_PRODUCTS_DIR)/babyNameGenerator.app/babyNameGenerator";
			};
			name = Debug;
		};
		C756C45C1F8430E100AE87A5 /* Release */ = {
			isa = XCBuildConfiguration;
			buildSettings = {
				ALWAYS_EMBED_SWIFT_STANDARD_LIBRARIES = YES;
				BUNDLE_LOADER = "$(TEST_HOST)";
				INFOPLIST_FILE = babyNameGeneratorTests/Info.plist;
				LD_RUNPATH_SEARCH_PATHS = "$(inherited) @executable_path/Frameworks @loader_path/Frameworks";
				PRODUCT_BUNDLE_IDENTIFIER = "-01-Create.babyNameGeneratorTests";
				PRODUCT_NAME = "$(TARGET_NAME)";
				SWIFT_SWIFT3_OBJC_INFERENCE = On;
				SWIFT_VERSION = 5.0;
				TEST_HOST = "$(BUILT_PRODUCTS_DIR)/babyNameGenerator.app/babyNameGenerator";
			};
			name = Release;
		};
		C756C45E1F8430E100AE87A5 /* Debug */ = {
			isa = XCBuildConfiguration;
			buildSettings = {
				ALWAYS_EMBED_SWIFT_STANDARD_LIBRARIES = YES;
				INFOPLIST_FILE = babyNameGeneratorUITests/Info.plist;
				LD_RUNPATH_SEARCH_PATHS = "$(inherited) @executable_path/Frameworks @loader_path/Frameworks";
				PRODUCT_BUNDLE_IDENTIFIER = "-01-Create.babyNameGeneratorUITests";
				PRODUCT_NAME = "$(TARGET_NAME)";
				SWIFT_SWIFT3_OBJC_INFERENCE = On;
				SWIFT_VERSION = 5.0;
				TEST_TARGET_NAME = babyNameGenerator;
			};
			name = Debug;
		};
		C756C45F1F8430E100AE87A5 /* Release */ = {
			isa = XCBuildConfiguration;
			buildSettings = {
				ALWAYS_EMBED_SWIFT_STANDARD_LIBRARIES = YES;
				INFOPLIST_FILE = babyNameGeneratorUITests/Info.plist;
				LD_RUNPATH_SEARCH_PATHS = "$(inherited) @executable_path/Frameworks @loader_path/Frameworks";
				PRODUCT_BUNDLE_IDENTIFIER = "-01-Create.babyNameGeneratorUITests";
				PRODUCT_NAME = "$(TARGET_NAME)";
				SWIFT_SWIFT3_OBJC_INFERENCE = On;
				SWIFT_VERSION = 5.0;
				TEST_TARGET_NAME = babyNameGenerator;
			};
			name = Release;
		};
/* End XCBuildConfiguration section */

/* Begin XCConfigurationList section */
		C756C42A1F8430E000AE87A5 /* Build configuration list for PBXProject "babyNameGenerator" */ = {
			isa = XCConfigurationList;
			buildConfigurations = (
				C756C4551F8430E100AE87A5 /* Debug */,
				C756C4561F8430E100AE87A5 /* Release */,
			);
			defaultConfigurationIsVisible = 0;
			defaultConfigurationName = Release;
		};
		C756C4571F8430E100AE87A5 /* Build configuration list for PBXNativeTarget "babyNameGenerator" */ = {
			isa = XCConfigurationList;
			buildConfigurations = (
				C756C4581F8430E100AE87A5 /* Debug */,
				C756C4591F8430E100AE87A5 /* Release */,
			);
			defaultConfigurationIsVisible = 0;
			defaultConfigurationName = Release;
		};
		C756C45A1F8430E100AE87A5 /* Build configuration list for PBXNativeTarget "babyNameGeneratorTests" */ = {
			isa = XCConfigurationList;
			buildConfigurations = (
				C756C45B1F8430E100AE87A5 /* Debug */,
				C756C45C1F8430E100AE87A5 /* Release */,
			);
			defaultConfigurationIsVisible = 0;
			defaultConfigurationName = Release;
		};
		C756C45D1F8430E100AE87A5 /* Build configuration list for PBXNativeTarget "babyNameGeneratorUITests" */ = {
			isa = XCConfigurationList;
			buildConfigurations = (
				C756C45E1F8430E100AE87A5 /* Debug */,
				C756C45F1F8430E100AE87A5 /* Release */,
			);
			defaultConfigurationIsVisible = 0;
			defaultConfigurationName = Release;
		};
/* End XCConfigurationList section */

/* Begin XCVersionGroup section */
		C78A2A002478762E00B8E05E /* babyNameGenerator.xcdatamodeld */ = {
			isa = XCVersionGroup;
			children = (
				C78A2A012478762E00B8E05E /* babyNameGenerator.xcdatamodel */,
			);
			currentVersion = C78A2A012478762E00B8E05E /* babyNameGenerator.xcdatamodel */;
			path = babyNameGenerator.xcdatamodeld;
			sourceTree = "<group>";
			versionGroupType = wrapper.xcdatamodel;
		};
/* End XCVersionGroup section */
	};
	rootObject = C756C4271F8430E000AE87A5 /* Project object */;
}
